// !$*UTF8*$!
{
	archiveVersion = 1;
	classes = {
	};
	objectVersion = 56;
	objects = {

/* Begin PBXBuildFile section */
		6DF63A132B9D4D22000BC120 /* ThePeopleThatYouCanTrustIApp.swift in Sources */ = {isa = PBXBuildFile; fileRef = 6DF63A122B9D4D22000BC120 /* ThePeopleThatYouCanTrustIApp.swift */; };
		6DF63A152B9D4D23000BC120 /* ContentView.swift in Sources */ = {isa = PBXBuildFile; fileRef = 6DF63A142B9D4D23000BC120 /* ContentView.swift */; };
		6DF63A172B9D4D23000BC120 /* Assets.xcassets in Resources */ = {isa = PBXBuildFile; fileRef = 6DF63A162B9D4D23000BC120 /* Assets.xcassets */; };
		6DF63A1A2B9D4D23000BC120 /* Preview Assets.xcassets in Resources */ = {isa = PBXBuildFile; fileRef = 6DF63A192B9D4D23000BC120 /* Preview Assets.xcassets */; };
		6DF63A242B9D4D24000BC120 /* ThePeopleThatYouCanTrustITests.swift in Sources */ = {isa = PBXBuildFile; fileRef = 6DF63A232B9D4D24000BC120 /* ThePeopleThatYouCanTrustITests.swift */; };
		6DF63A2E2B9D4D24000BC120 /* ThePeopleThatYouCanTrustIUITests.swift in Sources */ = {isa = PBXBuildFile; fileRef = 6DF63A2D2B9D4D24000BC120 /* ThePeopleThatYouCanTrustIUITests.swift */; };
		6DF63A302B9D4D24000BC120 /* ThePeopleThatYouCanTrustIUITestsLaunchTests.swift in Sources */ = {isa = PBXBuildFile; fileRef = 6DF63A2F2B9D4D24000BC120 /* ThePeopleThatYouCanTrustIUITestsLaunchTests.swift */; };
/* End PBXBuildFile section */

/* Begin PBXContainerItemProxy section */
		6DF63A202B9D4D24000BC120 /* PBXContainerItemProxy */ = {
			isa = PBXContainerItemProxy;
			containerPortal = 6DF63A072B9D4D22000BC120 /* Project object */;
			proxyType = 1;
			remoteGlobalIDString = 6DF63A0E2B9D4D22000BC120;
			remoteInfo = ThePeopleThatYouCanTrustI;
		};
		6DF63A2A2B9D4D24000BC120 /* PBXContainerItemProxy */ = {
			isa = PBXContainerItemProxy;
			containerPortal = 6DF63A072B9D4D22000BC120 /* Project object */;
			proxyType = 1;
			remoteGlobalIDString = 6DF63A0E2B9D4D22000BC120;
			remoteInfo = ThePeopleThatYouCanTrustI;
		};
/* End PBXContainerItemProxy section */

/* Begin PBXFileReference section */
		6DF63A0F2B9D4D22000BC120 /* ThePeopleThatYouCanTrustI.app */ = {isa = PBXFileReference; explicitFileType = wrapper.application; includeInIndex = 0; path = ThePeopleThatYouCanTrustI.app; sourceTree = BUILT_PRODUCTS_DIR; };
		6DF63A122B9D4D22000BC120 /* ThePeopleThatYouCanTrustIApp.swift */ = {isa = PBXFileReference; lastKnownFileType = sourcecode.swift; path = ThePeopleThatYouCanTrustIApp.swift; sourceTree = "<group>"; };
		6DF63A142B9D4D23000BC120 /* ContentView.swift */ = {isa = PBXFileReference; lastKnownFileType = sourcecode.swift; path = ContentView.swift; sourceTree = "<group>"; };
		6DF63A162B9D4D23000BC120 /* Assets.xcassets */ = {isa = PBXFileReference; lastKnownFileType = folder.assetcatalog; path = Assets.xcassets; sourceTree = "<group>"; };
		6DF63A192B9D4D23000BC120 /* Preview Assets.xcassets */ = {isa = PBXFileReference; lastKnownFileType = folder.assetcatalog; path = "Preview Assets.xcassets"; sourceTree = "<group>"; };
		6DF63A1F2B9D4D24000BC120 /* ThePeopleThatYouCanTrustITests.xctest */ = {isa = PBXFileReference; explicitFileType = wrapper.cfbundle; includeInIndex = 0; path = ThePeopleThatYouCanTrustITests.xctest; sourceTree = BUILT_PRODUCTS_DIR; };
		6DF63A232B9D4D24000BC120 /* ThePeopleThatYouCanTrustITests.swift */ = {isa = PBXFileReference; lastKnownFileType = sourcecode.swift; path = ThePeopleThatYouCanTrustITests.swift; sourceTree = "<group>"; };
		6DF63A292B9D4D24000BC120 /* ThePeopleThatYouCanTrustIUITests.xctest */ = {isa = PBXFileReference; explicitFileType = wrapper.cfbundle; includeInIndex = 0; path = ThePeopleThatYouCanTrustIUITests.xctest; sourceTree = BUILT_PRODUCTS_DIR; };
		6DF63A2D2B9D4D24000BC120 /* ThePeopleThatYouCanTrustIUITests.swift */ = {isa = PBXFileReference; lastKnownFileType = sourcecode.swift; path = ThePeopleThatYouCanTrustIUITests.swift; sourceTree = "<group>"; };
		6DF63A2F2B9D4D24000BC120 /* ThePeopleThatYouCanTrustIUITestsLaunchTests.swift */ = {isa = PBXFileReference; lastKnownFileType = sourcecode.swift; path = ThePeopleThatYouCanTrustIUITestsLaunchTests.swift; sourceTree = "<group>"; };
/* End PBXFileReference section */

/* Begin PBXFrameworksBuildPhase section */
		6DF63A0C2B9D4D22000BC120 /* Frameworks */ = {
			isa = PBXFrameworksBuildPhase;
			buildActionMask = 2147483647;
			files = (
			);
			runOnlyForDeploymentPostprocessing = 0;
		};
		6DF63A1C2B9D4D24000BC120 /* Frameworks */ = {
			isa = PBXFrameworksBuildPhase;
			buildActionMask = 2147483647;
			files = (
			);
			runOnlyForDeploymentPostprocessing = 0;
		};
		6DF63A262B9D4D24000BC120 /* Frameworks */ = {
			isa = PBXFrameworksBuildPhase;
			buildActionMask = 2147483647;
			files = (
			);
			runOnlyForDeploymentPostprocessing = 0;
		};
/* End PBXFrameworksBuildPhase section */

/* Begin PBXGroup section */
		6DF63A062B9D4D22000BC120 = {
			isa = PBXGroup;
			children = (
				6DF63A112B9D4D22000BC120 /* ThePeopleThatYouCanTrustI */,
				6DF63A222B9D4D24000BC120 /* ThePeopleThatYouCanTrustITests */,
				6DF63A2C2B9D4D24000BC120 /* ThePeopleThatYouCanTrustIUITests */,
				6DF63A102B9D4D22000BC120 /* Products */,
			);
			sourceTree = "<group>";
		};
		6DF63A102B9D4D22000BC120 /* Products */ = {
			isa = PBXGroup;
			children = (
				6DF63A0F2B9D4D22000BC120 /* ThePeopleThatYouCanTrustI.app */,
				6DF63A1F2B9D4D24000BC120 /* ThePeopleThatYouCanTrustITests.xctest */,
				6DF63A292B9D4D24000BC120 /* ThePeopleThatYouCanTrustIUITests.xctest */,
			);
			name = Products;
			sourceTree = "<group>";
		};
		6DF63A112B9D4D22000BC120 /* ThePeopleThatYouCanTrustI */ = {
			isa = PBXGroup;
			children = (
				6DF63A122B9D4D22000BC120 /* ThePeopleThatYouCanTrustIApp.swift */,
				6DF63A142B9D4D23000BC120 /* ContentView.swift */,
				6DF63A162B9D4D23000BC120 /* Assets.xcassets */,
				6DF63A182B9D4D23000BC120 /* Preview Content */,
			);
			path = ThePeopleThatYouCanTrustI;
			sourceTree = "<group>";
		};
		6DF63A182B9D4D23000BC120 /* Preview Content */ = {
			isa = PBXGroup;
			children = (
				6DF63A192B9D4D23000BC120 /* Preview Assets.xcassets */,
			);
			path = "Preview Content";
			sourceTree = "<group>";
		};
		6DF63A222B9D4D24000BC120 /* ThePeopleThatYouCanTrustITests */ = {
			isa = PBXGroup;
			children = (
				6DF63A232B9D4D24000BC120 /* ThePeopleThatYouCanTrustITests.swift */,
			);
			path = ThePeopleThatYouCanTrustITests;
			sourceTree = "<group>";
		};
		6DF63A2C2B9D4D24000BC120 /* ThePeopleThatYouCanTrustIUITests */ = {
			isa = PBXGroup;
			children = (
				6DF63A2D2B9D4D24000BC120 /* ThePeopleThatYouCanTrustIUITests.swift */,
				6DF63A2F2B9D4D24000BC120 /* ThePeopleThatYouCanTrustIUITestsLaunchTests.swift */,
			);
			path = ThePeopleThatYouCanTrustIUITests;
			sourceTree = "<group>";
		};
/* End PBXGroup section */

/* Begin PBXNativeTarget section */
		6DF63A0E2B9D4D22000BC120 /* ThePeopleThatYouCanTrustI */ = {
			isa = PBXNativeTarget;
			buildConfigurationList = 6DF63A332B9D4D24000BC120 /* Build configuration list for PBXNativeTarget "ThePeopleThatYouCanTrustI" */;
			buildPhases = (
				6DF63A0B2B9D4D22000BC120 /* Sources */,
				6DF63A0C2B9D4D22000BC120 /* Frameworks */,
				6DF63A0D2B9D4D22000BC120 /* Resources */,
			);
			buildRules = (
			);
			dependencies = (
			);
			name = ThePeopleThatYouCanTrustI;
			productName = ThePeopleThatYouCanTrustI;
			productReference = 6DF63A0F2B9D4D22000BC120 /* ThePeopleThatYouCanTrustI.app */;
			productType = "com.apple.product-type.application";
		};
		6DF63A1E2B9D4D24000BC120 /* ThePeopleThatYouCanTrustITests */ = {
			isa = PBXNativeTarget;
			buildConfigurationList = 6DF63A362B9D4D24000BC120 /* Build configuration list for PBXNativeTarget "ThePeopleThatYouCanTrustITests" */;
			buildPhases = (
				6DF63A1B2B9D4D24000BC120 /* Sources */,
				6DF63A1C2B9D4D24000BC120 /* Frameworks */,
				6DF63A1D2B9D4D24000BC120 /* Resources */,
			);
			buildRules = (
			);
			dependencies = (
				6DF63A212B9D4D24000BC120 /* PBXTargetDependency */,
			);
			name = ThePeopleThatYouCanTrustITests;
			productName = ThePeopleThatYouCanTrustITests;
			productReference = 6DF63A1F2B9D4D24000BC120 /* ThePeopleThatYouCanTrustITests.xctest */;
			productType = "com.apple.product-type.bundle.unit-test";
		};
		6DF63A282B9D4D24000BC120 /* ThePeopleThatYouCanTrustIUITests */ = {
			isa = PBXNativeTarget;
			buildConfigurationList = 6DF63A392B9D4D24000BC120 /* Build configuration list for PBXNativeTarget "ThePeopleThatYouCanTrustIUITests" */;
			buildPhases = (
				6DF63A252B9D4D24000BC120 /* Sources */,
				6DF63A262B9D4D24000BC120 /* Frameworks */,
				6DF63A272B9D4D24000BC120 /* Resources */,
			);
			buildRules = (
			);
			dependencies = (
				6DF63A2B2B9D4D24000BC120 /* PBXTargetDependency */,
			);
			name = ThePeopleThatYouCanTrustIUITests;
			productName = ThePeopleThatYouCanTrustIUITests;
			productReference = 6DF63A292B9D4D24000BC120 /* ThePeopleThatYouCanTrustIUITests.xctest */;
			productType = "com.apple.product-type.bundle.ui-testing";
		};
/* End PBXNativeTarget section */

/* Begin PBXProject section */
		6DF63A072B9D4D22000BC120 /* Project object */ = {
			isa = PBXProject;
			attributes = {
				BuildIndependentTargetsInParallel = 1;
				LastSwiftUpdateCheck = 1500;
				LastUpgradeCheck = 1500;
				TargetAttributes = {
					6DF63A0E2B9D4D22000BC120 = {
						CreatedOnToolsVersion = 15.0.1;
					};
					6DF63A1E2B9D4D24000BC120 = {
						CreatedOnToolsVersion = 15.0.1;
						TestTargetID = 6DF63A0E2B9D4D22000BC120;
					};
					6DF63A282B9D4D24000BC120 = {
						CreatedOnToolsVersion = 15.0.1;
						TestTargetID = 6DF63A0E2B9D4D22000BC120;
					};
				};
			};
			buildConfigurationList = 6DF63A0A2B9D4D22000BC120 /* Build configuration list for PBXProject "ThePeopleThatYouCanTrustI" */;
			compatibilityVersion = "Xcode 14.0";
			developmentRegion = en;
			hasScannedForEncodings = 0;
			knownRegions = (
				en,
				Base,
			);
			mainGroup = 6DF63A062B9D4D22000BC120;
			productRefGroup = 6DF63A102B9D4D22000BC120 /* Products */;
			projectDirPath = "";
			projectRoot = "";
			targets = (
				6DF63A0E2B9D4D22000BC120 /* ThePeopleThatYouCanTrustI */,
				6DF63A1E2B9D4D24000BC120 /* ThePeopleThatYouCanTrustITests */,
				6DF63A282B9D4D24000BC120 /* ThePeopleThatYouCanTrustIUITests */,
			);
		};
/* End PBXProject section */

/* Begin PBXResourcesBuildPhase section */
		6DF63A0D2B9D4D22000BC120 /* Resources */ = {
			isa = PBXResourcesBuildPhase;
			buildActionMask = 2147483647;
			files = (
				6DF63A1A2B9D4D23000BC120 /* Preview Assets.xcassets in Resources */,
				6DF63A172B9D4D23000BC120 /* Assets.xcassets in Resources */,
			);
			runOnlyForDeploymentPostprocessing = 0;
		};
		6DF63A1D2B9D4D24000BC120 /* Resources */ = {
			isa = PBXResourcesBuildPhase;
			buildActionMask = 2147483647;
			files = (
			);
			runOnlyForDeploymentPostprocessing = 0;
		};
		6DF63A272B9D4D24000BC120 /* Resources */ = {
			isa = PBXResourcesBuildPhase;
			buildActionMask = 2147483647;
			files = (
			);
			runOnlyForDeploymentPostprocessing = 0;
		};
/* End PBXResourcesBuildPhase section */

/* Begin PBXSourcesBuildPhase section */
		6DF63A0B2B9D4D22000BC120 /* Sources */ = {
			isa = PBXSourcesBuildPhase;
			buildActionMask = 2147483647;
			files = (
				6DF63A152B9D4D23000BC120 /* ContentView.swift in Sources */,
				6DF63A132B9D4D22000BC120 /* ThePeopleThatYouCanTrustIApp.swift in Sources */,
			);
			runOnlyForDeploymentPostprocessing = 0;
		};
		6DF63A1B2B9D4D24000BC120 /* Sources */ = {
			isa = PBXSourcesBuildPhase;
			buildActionMask = 2147483647;
			files = (
				6DF63A242B9D4D24000BC120 /* ThePeopleThatYouCanTrustITests.swift in Sources */,
			);
			runOnlyForDeploymentPostprocessing = 0;
		};
		6DF63A252B9D4D24000BC120 /* Sources */ = {
			isa = PBXSourcesBuildPhase;
			buildActionMask = 2147483647;
			files = (
				6DF63A302B9D4D24000BC120 /* ThePeopleThatYouCanTrustIUITestsLaunchTests.swift in Sources */,
				6DF63A2E2B9D4D24000BC120 /* ThePeopleThatYouCanTrustIUITests.swift in Sources */,
			);
			runOnlyForDeploymentPostprocessing = 0;
		};
/* End PBXSourcesBuildPhase section */

/* Begin PBXTargetDependency section */
		6DF63A212B9D4D24000BC120 /* PBXTargetDependency */ = {
			isa = PBXTargetDependency;
			target = 6DF63A0E2B9D4D22000BC120 /* ThePeopleThatYouCanTrustI */;
			targetProxy = 6DF63A202B9D4D24000BC120 /* PBXContainerItemProxy */;
		};
		6DF63A2B2B9D4D24000BC120 /* PBXTargetDependency */ = {
			isa = PBXTargetDependency;
			target = 6DF63A0E2B9D4D22000BC120 /* ThePeopleThatYouCanTrustI */;
			targetProxy = 6DF63A2A2B9D4D24000BC120 /* PBXContainerItemProxy */;
		};
/* End PBXTargetDependency section */

/* Begin XCBuildConfiguration section */
		6DF63A312B9D4D24000BC120 /* Debug */ = {
			isa = XCBuildConfiguration;
			buildSettings = {
				ALWAYS_SEARCH_USER_PATHS = NO;
				ASSETCATALOG_COMPILER_GENERATE_SWIFT_ASSET_SYMBOL_EXTENSIONS = YES;
				CLANG_ANALYZER_NONNULL = YES;
				CLANG_ANALYZER_NUMBER_OBJECT_CONVERSION = YES_AGGRESSIVE;
				CLANG_CXX_LANGUAGE_STANDARD = "gnu++20";
				CLANG_ENABLE_MODULES = YES;
				CLANG_ENABLE_OBJC_ARC = YES;
				CLANG_ENABLE_OBJC_WEAK = YES;
				CLANG_WARN_BLOCK_CAPTURE_AUTORELEASING = YES;
				CLANG_WARN_BOOL_CONVERSION = YES;
				CLANG_WARN_COMMA = YES;
				CLANG_WARN_CONSTANT_CONVERSION = YES;
				CLANG_WARN_DEPRECATED_OBJC_IMPLEMENTATIONS = YES;
				CLANG_WARN_DIRECT_OBJC_ISA_USAGE = YES_ERROR;
				CLANG_WARN_DOCUMENTATION_COMMENTS = YES;
				CLANG_WARN_EMPTY_BODY = YES;
				CLANG_WARN_ENUM_CONVERSION = YES;
				CLANG_WARN_INFINITE_RECURSION = YES;
				CLANG_WARN_INT_CONVERSION = YES;
				CLANG_WARN_NON_LITERAL_NULL_CONVERSION = YES;
				CLANG_WARN_OBJC_IMPLICIT_RETAIN_SELF = YES;
				CLANG_WARN_OBJC_LITERAL_CONVERSION = YES;
				CLANG_WARN_OBJC_ROOT_CLASS = YES_ERROR;
				CLANG_WARN_QUOTED_INCLUDE_IN_FRAMEWORK_HEADER = YES;
				CLANG_WARN_RANGE_LOOP_ANALYSIS = YES;
				CLANG_WARN_STRICT_PROTOTYPES = YES;
				CLANG_WARN_SUSPICIOUS_MOVE = YES;
				CLANG_WARN_UNGUARDED_AVAILABILITY = YES_AGGRESSIVE;
				CLANG_WARN_UNREACHABLE_CODE = YES;
				CLANG_WARN__DUPLICATE_METHOD_MATCH = YES;
				COPY_PHASE_STRIP = NO;
				DEBUG_INFORMATION_FORMAT = dwarf;
				ENABLE_STRICT_OBJC_MSGSEND = YES;
				ENABLE_TESTABILITY = YES;
				ENABLE_USER_SCRIPT_SANDBOXING = YES;
				GCC_C_LANGUAGE_STANDARD = gnu17;
				GCC_DYNAMIC_NO_PIC = NO;
				GCC_NO_COMMON_BLOCKS = YES;
				GCC_OPTIMIZATION_LEVEL = 0;
				GCC_PREPROCESSOR_DEFINITIONS = (
					"DEBUG=1",
					"$(inherited)",
				);
				GCC_WARN_64_TO_32_BIT_CONVERSION = YES;
				GCC_WARN_ABOUT_RETURN_TYPE = YES_ERROR;
				GCC_WARN_UNDECLARED_SELECTOR = YES;
				GCC_WARN_UNINITIALIZED_AUTOS = YES_AGGRESSIVE;
				GCC_WARN_UNUSED_FUNCTION = YES;
				GCC_WARN_UNUSED_VARIABLE = YES;
				IPHONEOS_DEPLOYMENT_TARGET = 17.0;
				LOCALIZATION_PREFERS_STRING_CATALOGS = YES;
				MTL_ENABLE_DEBUG_INFO = INCLUDE_SOURCE;
				MTL_FAST_MATH = YES;
				ONLY_ACTIVE_ARCH = YES;
				SDKROOT = iphoneos;
				SWIFT_ACTIVE_COMPILATION_CONDITIONS = "DEBUG $(inherited)";
				SWIFT_OPTIMIZATION_LEVEL = "-Onone";
			};
			name = Debug;
		};
		6DF63A322B9D4D24000BC120 /* Release */ = {
			isa = XCBuildConfiguration;
			buildSettings = {
				ALWAYS_SEARCH_USER_PATHS = NO;
				ASSETCATALOG_COMPILER_GENERATE_SWIFT_ASSET_SYMBOL_EXTENSIONS = YES;
				CLANG_ANALYZER_NONNULL = YES;
				CLANG_ANALYZER_NUMBER_OBJECT_CONVERSION = YES_AGGRESSIVE;
				CLANG_CXX_LANGUAGE_STANDARD = "gnu++20";
				CLANG_ENABLE_MODULES = YES;
				CLANG_ENABLE_OBJC_ARC = YES;
				CLANG_ENABLE_OBJC_WEAK = YES;
				CLANG_WARN_BLOCK_CAPTURE_AUTORELEASING = YES;
				CLANG_WARN_BOOL_CONVERSION = YES;
				CLANG_WARN_COMMA = YES;
				CLANG_WARN_CONSTANT_CONVERSION = YES;
				CLANG_WARN_DEPRECATED_OBJC_IMPLEMENTATIONS = YES;
				CLANG_WARN_DIRECT_OBJC_ISA_USAGE = YES_ERROR;
				CLANG_WARN_DOCUMENTATION_COMMENTS = YES;
				CLANG_WARN_EMPTY_BODY = YES;
				CLANG_WARN_ENUM_CONVERSION = YES;
				CLANG_WARN_INFINITE_RECURSION = YES;
				CLANG_WARN_INT_CONVERSION = YES;
				CLANG_WARN_NON_LITERAL_NULL_CONVERSION = YES;
				CLANG_WARN_OBJC_IMPLICIT_RETAIN_SELF = YES;
				CLANG_WARN_OBJC_LITERAL_CONVERSION = YES;
				CLANG_WARN_OBJC_ROOT_CLASS = YES_ERROR;
				CLANG_WARN_QUOTED_INCLUDE_IN_FRAMEWORK_HEADER = YES;
				CLANG_WARN_RANGE_LOOP_ANALYSIS = YES;
				CLANG_WARN_STRICT_PROTOTYPES = YES;
				CLANG_WARN_SUSPICIOUS_MOVE = YES;
				CLANG_WARN_UNGUARDED_AVAILABILITY = YES_AGGRESSIVE;
				CLANG_WARN_UNREACHABLE_CODE = YES;
				CLANG_WARN__DUPLICATE_METHOD_MATCH = YES;
				COPY_PHASE_STRIP = NO;
				DEBUG_INFORMATION_FORMAT = "dwarf-with-dsym";
				ENABLE_NS_ASSERTIONS = NO;
				ENABLE_STRICT_OBJC_MSGSEND = YES;
				ENABLE_USER_SCRIPT_SANDBOXING = YES;
				GCC_C_LANGUAGE_STANDARD = gnu17;
				GCC_NO_COMMON_BLOCKS = YES;
				GCC_WARN_64_TO_32_BIT_CONVERSION = YES;
				GCC_WARN_ABOUT_RETURN_TYPE = YES_ERROR;
				GCC_WARN_UNDECLARED_SELECTOR = YES;
				GCC_WARN_UNINITIALIZED_AUTOS = YES_AGGRESSIVE;
				GCC_WARN_UNUSED_FUNCTION = YES;
				GCC_WARN_UNUSED_VARIABLE = YES;
				IPHONEOS_DEPLOYMENT_TARGET = 17.0;
				LOCALIZATION_PREFERS_STRING_CATALOGS = YES;
				MTL_ENABLE_DEBUG_INFO = NO;
				MTL_FAST_MATH = YES;
				SDKROOT = iphoneos;
				SWIFT_COMPILATION_MODE = wholemodule;
				VALIDATE_PRODUCT = YES;
			};
			name = Release;
		};
		6DF63A342B9D4D24000BC120 /* Debug */ = {
			isa = XCBuildConfiguration;
			buildSettings = {
				ASSETCATALOG_COMPILER_APPICON_NAME = AppIcon;
				ASSETCATALOG_COMPILER_GLOBAL_ACCENT_COLOR_NAME = AccentColor;
				CODE_SIGN_STYLE = Automatic;
				CURRENT_PROJECT_VERSION = 1;
				DEVELOPMENT_ASSET_PATHS = "\"ThePeopleThatYouCanTrustI/Preview Content\"";
				DEVELOPMENT_TEAM = Y95747F67U;
				ENABLE_PREVIEWS = YES;
				GENERATE_INFOPLIST_FILE = YES;
				INFOPLIST_KEY_UIApplicationSceneManifest_Generation = YES;
				INFOPLIST_KEY_UIApplicationSupportsIndirectInputEvents = YES;
				INFOPLIST_KEY_UILaunchScreen_Generation = YES;
				INFOPLIST_KEY_UISupportedInterfaceOrientations_iPad = "UIInterfaceOrientationPortrait UIInterfaceOrientationPortraitUpsideDown UIInterfaceOrientationLandscapeLeft UIInterfaceOrientationLandscapeRight";
				INFOPLIST_KEY_UISupportedInterfaceOrientations_iPhone = "UIInterfaceOrientationPortrait UIInterfaceOrientationLandscapeLeft UIInterfaceOrientationLandscapeRight";
				LD_RUNPATH_SEARCH_PATHS = (
					"$(inherited)",
					"@executable_path/Frameworks",
				);
				MARKETING_VERSION = 1.0;
				PRODUCT_BUNDLE_IDENTIFIER = com.blue.panthers.ThePeopleThatYouCanTrustI;
				PRODUCT_NAME = "$(TARGET_NAME)";
				SWIFT_EMIT_LOC_STRINGS = YES;
				SWIFT_VERSION = 5.0;
				TARGETED_DEVICE_FAMILY = "1,2";
			};
			name = Debug;
		};
		6DF63A352B9D4D24000BC120 /* Release */ = {
			isa = XCBuildConfiguration;
			buildSettings = {
				ASSETCATALOG_COMPILER_APPICON_NAME = AppIcon;
				ASSETCATALOG_COMPILER_GLOBAL_ACCENT_COLOR_NAME = AccentColor;
				CODE_SIGN_STYLE = Automatic;
				CURRENT_PROJECT_VERSION = 1;
				DEVELOPMENT_ASSET_PATHS = "\"ThePeopleThatYouCanTrustI/Preview Content\"";
				DEVELOPMENT_TEAM = Y95747F67U;
				ENABLE_PREVIEWS = YES;
				GENERATE_INFOPLIST_FILE = YES;
				INFOPLIST_KEY_UIApplicationSceneManifest_Generation = YES;
				INFOPLIST_KEY_UIApplicationSupportsIndirectInputEvents = YES;
				INFOPLIST_KEY_UILaunchScreen_Generation = YES;
				INFOPLIST_KEY_UISupportedInterfaceOrientations_iPad = "UIInterfaceOrientationPortrait UIInterfaceOrientationPortraitUpsideDown UIInterfaceOrientationLandscapeLeft UIInterfaceOrientationLandscapeRight";
				INFOPLIST_KEY_UISupportedInterfaceOrientations_iPhone = "UIInterfaceOrientationPortrait UIInterfaceOrientationLandscapeLeft UIInterfaceOrientationLandscapeRight";
				LD_RUNPATH_SEARCH_PATHS = (
					"$(inherited)",
					"@executable_path/Frameworks",
				);
				MARKETING_VERSION = 1.0;
				PRODUCT_BUNDLE_IDENTIFIER = com.blue.panthers.ThePeopleThatYouCanTrustI;
				PRODUCT_NAME = "$(TARGET_NAME)";
				SWIFT_EMIT_LOC_STRINGS = YES;
				SWIFT_VERSION = 5.0;
				TARGETED_DEVICE_FAMILY = "1,2";
			};
			name = Release;
		};
		6DF63A372B9D4D24000BC120 /* Debug */ = {
			isa = XCBuildConfiguration;
			buildSettings = {
				ALWAYS_EMBED_SWIFT_STANDARD_LIBRARIES = YES;
				BUNDLE_LOADER = "$(TEST_HOST)";
				CODE_SIGN_STYLE = Automatic;
				CURRENT_PROJECT_VERSION = 1;
				DEVELOPMENT_TEAM = Y95747F67U;
				GENERATE_INFOPLIST_FILE = YES;
				IPHONEOS_DEPLOYMENT_TARGET = 17.0;
				MARKETING_VERSION = 1.0;
				PRODUCT_BUNDLE_IDENTIFIER = com.blue.panthers.ThePeopleThatYouCanTrustITests;
				PRODUCT_NAME = "$(TARGET_NAME)";
				SWIFT_EMIT_LOC_STRINGS = NO;
				SWIFT_VERSION = 5.0;
				TARGETED_DEVICE_FAMILY = "1,2";
				TEST_HOST = "$(BUILT_PRODUCTS_DIR)/ThePeopleThatYouCanTrustI.app/$(BUNDLE_EXECUTABLE_FOLDER_PATH)/ThePeopleThatYouCanTrustI";
			};
			name = Debug;
		};
		6DF63A382B9D4D24000BC120 /* Release */ = {
			isa = XCBuildConfiguration;
			buildSettings = {
				ALWAYS_EMBED_SWIFT_STANDARD_LIBRARIES = YES;
				BUNDLE_LOADER = "$(TEST_HOST)";
				CODE_SIGN_STYLE = Automatic;
				CURRENT_PROJECT_VERSION = 1;
				DEVELOPMENT_TEAM = Y95747F67U;
				GENERATE_INFOPLIST_FILE = YES;
				IPHONEOS_DEPLOYMENT_TARGET = 17.0;
				MARKETING_VERSION = 1.0;
				PRODUCT_BUNDLE_IDENTIFIER = com.blue.panthers.ThePeopleThatYouCanTrustITests;
				PRODUCT_NAME = "$(TARGET_NAME)";
				SWIFT_EMIT_LOC_STRINGS = NO;
				SWIFT_VERSION = 5.0;
				TARGETED_DEVICE_FAMILY = "1,2";
				TEST_HOST = "$(BUILT_PRODUCTS_DIR)/ThePeopleThatYouCanTrustI.app/$(BUNDLE_EXECUTABLE_FOLDER_PATH)/ThePeopleThatYouCanTrustI";
			};
			name = Release;
		};
		6DF63A3A2B9D4D24000BC120 /* Debug */ = {
			isa = XCBuildConfiguration;
			buildSettings = {
				ALWAYS_EMBED_SWIFT_STANDARD_LIBRARIES = YES;
				CODE_SIGN_STYLE = Automatic;
				CURRENT_PROJECT_VERSION = 1;
				DEVELOPMENT_TEAM = Y95747F67U;
				GENERATE_INFOPLIST_FILE = YES;
				MARKETING_VERSION = 1.0;
				PRODUCT_BUNDLE_IDENTIFIER = com.blue.panthers.ThePeopleThatYouCanTrustIUITests;
				PRODUCT_NAME = "$(TARGET_NAME)";
				SWIFT_EMIT_LOC_STRINGS = NO;
				SWIFT_VERSION = 5.0;
				TARGETED_DEVICE_FAMILY = "1,2";
				TEST_TARGET_NAME = ThePeopleThatYouCanTrustI;
			};
			name = Debug;
		};
		6DF63A3B2B9D4D24000BC120 /* Release */ = {
			isa = XCBuildConfiguration;
			buildSettings = {
				ALWAYS_EMBED_SWIFT_STANDARD_LIBRARIES = YES;
				CODE_SIGN_STYLE = Automatic;
				CURRENT_PROJECT_VERSION = 1;
				DEVELOPMENT_TEAM = Y95747F67U;
				GENERATE_INFOPLIST_FILE = YES;
				MARKETING_VERSION = 1.0;
				PRODUCT_BUNDLE_IDENTIFIER = com.blue.panthers.ThePeopleThatYouCanTrustIUITests;
				PRODUCT_NAME = "$(TARGET_NAME)";
				SWIFT_EMIT_LOC_STRINGS = NO;
				SWIFT_VERSION = 5.0;
				TARGETED_DEVICE_FAMILY = "1,2";
				TEST_TARGET_NAME = ThePeopleThatYouCanTrustI;
			};
			name = Release;
		};
/* End XCBuildConfiguration section */

/* Begin XCConfigurationList section */
		6DF63A0A2B9D4D22000BC120 /* Build configuration list for PBXProject "ThePeopleThatYouCanTrustI" */ = {
			isa = XCConfigurationList;
			buildConfigurations = (
				6DF63A312B9D4D24000BC120 /* Debug */,
				6DF63A322B9D4D24000BC120 /* Release */,
			);
			defaultConfigurationIsVisible = 0;
			defaultConfigurationName = Release;
		};
		6DF63A332B9D4D24000BC120 /* Build configuration list for PBXNativeTarget "ThePeopleThatYouCanTrustI" */ = {
			isa = XCConfigurationList;
			buildConfigurations = (
				6DF63A342B9D4D24000BC120 /* Debug */,
				6DF63A352B9D4D24000BC120 /* Release */,
			);
			defaultConfigurationIsVisible = 0;
			defaultConfigurationName = Release;
		};
		6DF63A362B9D4D24000BC120 /* Build configuration list for PBXNativeTarget "ThePeopleThatYouCanTrustITests" */ = {
			isa = XCConfigurationList;
			buildConfigurations = (
				6DF63A372B9D4D24000BC120 /* Debug */,
				6DF63A382B9D4D24000BC120 /* Release */,
			);
			defaultConfigurationIsVisible = 0;
			defaultConfigurationName = Release;
		};
		6DF63A392B9D4D24000BC120 /* Build configuration list for PBXNativeTarget "ThePeopleThatYouCanTrustIUITests" */ = {
			isa = XCConfigurationList;
			buildConfigurations = (
				6DF63A3A2B9D4D24000BC120 /* Debug */,
				6DF63A3B2B9D4D24000BC120 /* Release */,
			);
			defaultConfigurationIsVisible = 0;
			defaultConfigurationName = Release;
		};
/* End XCConfigurationList section */
	};
	rootObject = 6DF63A072B9D4D22000BC120 /* Project object */;
}
