// !$*UTF8*$!
{
	archiveVersion = 1;
	classes = {
	};
	objectVersion = 56;
	objects = {

/* Begin PBXBuildFile section */
		6D14A5342BB0B27C00AB7F46 /* ImageLoader.swift in Sources */ = {isa = PBXBuildFile; fileRef = 6D14A5332BB0B27C00AB7F46 /* ImageLoader.swift */; };
		6D14A5372BB0B2AD00AB7F46 /* ImageCache.swift in Sources */ = {isa = PBXBuildFile; fileRef = 6D14A5362BB0B2AD00AB7F46 /* ImageCache.swift */; };
		6D14A53A2BB0B2DE00AB7F46 /* MyImageView.swift in Sources */ = {isa = PBXBuildFile; fileRef = 6D14A5392BB0B2DE00AB7F46 /* MyImageView.swift */; };
		6D14A53D2BB0BE8300AB7F46 /* SearchingImageView.swift in Sources */ = {isa = PBXBuildFile; fileRef = 6D14A53C2BB0BE8300AB7F46 /* SearchingImageView.swift */; };
		6D1FF5242BD6265800B868AC /* OriginalAppUpdateChecker.swift in Sources */ = {isa = PBXBuildFile; fileRef = 6D1FF5232BD6265800B868AC /* OriginalAppUpdateChecker.swift */; };
		6D4C54CE2BADFD65008DDDF1 /* NoNetworkView.swift in Sources */ = {isa = PBXBuildFile; fileRef = 6D4C54CD2BADFD65008DDDF1 /* NoNetworkView.swift */; };
		6D4C54D12BAE0045008DDDF1 /* CustomColor.swift in Sources */ = {isa = PBXBuildFile; fileRef = 6D4C54D02BAE0045008DDDF1 /* CustomColor.swift */; };
		6D56FD622BA012240013404E /* Truculenta-SemiBold.ttf in Resources */ = {isa = PBXBuildFile; fileRef = 6D56FD612BA012240013404E /* Truculenta-SemiBold.ttf */; };
		6D57AD6F2BB1F2D800124D99 /* NavDrawer.swift in Sources */ = {isa = PBXBuildFile; fileRef = 6D57AD6E2BB1F2D800124D99 /* NavDrawer.swift */; };
		6D5ACE362BD010E9004844E5 /* ShareAppView.swift in Sources */ = {isa = PBXBuildFile; fileRef = 6D5ACE352BD010E9004844E5 /* ShareAppView.swift */; };
		6D5ACE3A2BD30F5A004844E5 /* Gluten-Bold.ttf in Resources */ = {isa = PBXBuildFile; fileRef = 6D5ACE392BD30F5A004844E5 /* Gluten-Bold.ttf */; };
		6D5ACE3C2BD319DC004844E5 /* SansitaSwashed-SemiBold.ttf in Resources */ = {isa = PBXBuildFile; fileRef = 6D5ACE3B2BD319DC004844E5 /* SansitaSwashed-SemiBold.ttf */; };
		6D6A876C2B9E1F1F00794633 /* Kurale-Regular.ttf in Resources */ = {isa = PBXBuildFile; fileRef = 6D6A876B2B9E1F1F00794633 /* Kurale-Regular.ttf */; };
		6D6A876E2B9E1F3D00794633 /* Salsa-Regular.ttf in Resources */ = {isa = PBXBuildFile; fileRef = 6D6A876D2B9E1F3D00794633 /* Salsa-Regular.ttf */; };
		6D6A87722B9E20BA00794633 /* Caveat-VariableFont.ttf in Resources */ = {isa = PBXBuildFile; fileRef = 6D6A87712B9E20BA00794633 /* Caveat-VariableFont.ttf */; };
		6D6A87742B9E20C400794633 /* BungeeSpice-Regular.ttf in Resources */ = {isa = PBXBuildFile; fileRef = 6D6A87732B9E20C400794633 /* BungeeSpice-Regular.ttf */; };
		6D6A87762B9E210A00794633 /* NetworkCheck.swift in Sources */ = {isa = PBXBuildFile; fileRef = 6D6A87752B9E210A00794633 /* NetworkCheck.swift */; };
		6D6A87782B9E213700794633 /* PopupKeyboard.swift in Sources */ = {isa = PBXBuildFile; fileRef = 6D6A87772B9E213700794633 /* PopupKeyboard.swift */; };
		6D6A877C2B9E215E00794633 /* SidebarView.swift in Sources */ = {isa = PBXBuildFile; fileRef = 6D6A877B2B9E215E00794633 /* SidebarView.swift */; };
		6D6A877E2B9E216B00794633 /* SidebarRowType.swift in Sources */ = {isa = PBXBuildFile; fileRef = 6D6A877D2B9E216B00794633 /* SidebarRowType.swift */; };
		6D6A87802B9E217200794633 /* InjectionAnn.swift in Sources */ = {isa = PBXBuildFile; fileRef = 6D6A877F2B9E217200794633 /* InjectionAnn.swift */; };
		6D6A87822B9E217800794633 /* NavManager.swift in Sources */ = {isa = PBXBuildFile; fileRef = 6D6A87812B9E217800794633 /* NavManager.swift */; };
		6D6A87842B9E218700794633 /* MainScreen.swift in Sources */ = {isa = PBXBuildFile; fileRef = 6D6A87832B9E218700794633 /* MainScreen.swift */; };
		6D6A87862B9E219100794633 /* AboutUsView.swift in Sources */ = {isa = PBXBuildFile; fileRef = 6D6A87852B9E219100794633 /* AboutUsView.swift */; };
		6D6A87882B9E219900794633 /* CompanyList.swift in Sources */ = {isa = PBXBuildFile; fileRef = 6D6A87872B9E219900794633 /* CompanyList.swift */; };
		6D6A878A2B9E21A000794633 /* SearchCompaniesView.swift in Sources */ = {isa = PBXBuildFile; fileRef = 6D6A87892B9E21A000794633 /* SearchCompaniesView.swift */; };
		6D6A878C2B9E21B000794633 /* DefaultCompaniesView.swift in Sources */ = {isa = PBXBuildFile; fileRef = 6D6A878B2B9E21B000794633 /* DefaultCompaniesView.swift */; };
		6D6A878E2B9E21C400794633 /* SearchingListLayoutView.swift in Sources */ = {isa = PBXBuildFile; fileRef = 6D6A878D2B9E21C400794633 /* SearchingListLayoutView.swift */; };
		6D6A87902B9E21D100794633 /* CustomSearchBar.swift in Sources */ = {isa = PBXBuildFile; fileRef = 6D6A878F2B9E21D100794633 /* CustomSearchBar.swift */; };
		6D6A87922B9E21DC00794633 /* ApiFetchHandler.swift in Sources */ = {isa = PBXBuildFile; fileRef = 6D6A87912B9E21DC00794633 /* ApiFetchHandler.swift */; };
		6D6A87942B9E21E600794633 /* AboutUsNetworkCall.swift in Sources */ = {isa = PBXBuildFile; fileRef = 6D6A87932B9E21E600794633 /* AboutUsNetworkCall.swift */; };
		6D6A87972B9E2CE500794633 /* ProtestGuerrilla-Regular.ttf in Resources */ = {isa = PBXBuildFile; fileRef = 6D6A87962B9E2CE500794633 /* ProtestGuerrilla-Regular.ttf */; };
		6D6A879D2B9E34C000794633 /* PermanentMarker-Regular.ttf in Resources */ = {isa = PBXBuildFile; fileRef = 6D6A879C2B9E34C000794633 /* PermanentMarker-Regular.ttf */; };
		6DB6D2062BE68F6F000C0D64 /* BrowseCompaniesView.swift in Sources */ = {isa = PBXBuildFile; fileRef = 6DB6D2052BE68F6F000C0D64 /* BrowseCompaniesView.swift */; };
		6DDC98D52BD8484200BF4753 /* AppUpdateCheckerView.swift in Sources */ = {isa = PBXBuildFile; fileRef = 6DDC98D42BD8484200BF4753 /* AppUpdateCheckerView.swift */; };
		6DDC98D92BD93BFE00BF4753 /* CustomAlertView.swift in Sources */ = {isa = PBXBuildFile; fileRef = 6DDC98D82BD93BFE00BF4753 /* CustomAlertView.swift */; };
		6DF63A132B9D4D22000BC120 /* ThePeopleThatYouCanTrustIApp.swift in Sources */ = {isa = PBXBuildFile; fileRef = 6DF63A122B9D4D22000BC120 /* ThePeopleThatYouCanTrustIApp.swift */; };
		6DF63A172B9D4D23000BC120 /* Assets.xcassets in Resources */ = {isa = PBXBuildFile; fileRef = 6DF63A162B9D4D23000BC120 /* Assets.xcassets */; };
		6DF63A242B9D4D24000BC120 /* ThePeopleThatYouCanTrustITests.swift in Sources */ = {isa = PBXBuildFile; fileRef = 6DF63A232B9D4D24000BC120 /* ThePeopleThatYouCanTrustITests.swift */; };
		6DF63A2E2B9D4D24000BC120 /* ThePeopleThatYouCanTrustIUITests.swift in Sources */ = {isa = PBXBuildFile; fileRef = 6DF63A2D2B9D4D24000BC120 /* ThePeopleThatYouCanTrustIUITests.swift */; };
		6DF63A302B9D4D24000BC120 /* ThePeopleThatYouCanTrustIUITestsLaunchTests.swift in Sources */ = {isa = PBXBuildFile; fileRef = 6DF63A2F2B9D4D24000BC120 /* ThePeopleThatYouCanTrustIUITestsLaunchTests.swift */; };
/* End PBXBuildFile section */

/* Begin PBXContainerItemProxy section */
		6DF63A202B9D4D24000BC120 /* PBXContainerItemProxy */ = {
			isa = PBXContainerItemProxy;
			containerPortal = 6DF63A072B9D4D22000BC120 /* Project object */;
			proxyType = 1;
			remoteGlobalIDString = 6DF63A0E2B9D4D22000BC120;
			remoteInfo = ThePeopleThatYouCanTrustI;
		};
		6DF63A2A2B9D4D24000BC120 /* PBXContainerItemProxy */ = {
			isa = PBXContainerItemProxy;
			containerPortal = 6DF63A072B9D4D22000BC120 /* Project object */;
			proxyType = 1;
			remoteGlobalIDString = 6DF63A0E2B9D4D22000BC120;
			remoteInfo = ThePeopleThatYouCanTrustI;
		};
/* End PBXContainerItemProxy section */

/* Begin PBXCopyFilesBuildPhase section */
		6D6A87D62B9FF1D900794633 /* Embed App Clips */ = {
			isa = PBXCopyFilesBuildPhase;
			buildActionMask = 2147483647;
			dstPath = "$(CONTENTS_FOLDER_PATH)/AppClips";
			dstSubfolderSpec = 16;
			files = (
			);
			name = "Embed App Clips";
			runOnlyForDeploymentPostprocessing = 0;
		};
/* End PBXCopyFilesBuildPhase section */

/* Begin PBXFileReference section */
		0C898E31DF10D650D0E930B4 /* Pods-ThePeopleThatYouCanTrustITests.release.xcconfig */ = {isa = PBXFileReference; includeInIndex = 1; lastKnownFileType = text.xcconfig; name = "Pods-ThePeopleThatYouCanTrustITests.release.xcconfig"; path = "Target Support Files/Pods-ThePeopleThatYouCanTrustITests/Pods-ThePeopleThatYouCanTrustITests.release.xcconfig"; sourceTree = "<group>"; };
		319B0BA38EF427F11C9A149E /* Pods-ThePeopleThatYouCanTrustIUITests.debug.xcconfig */ = {isa = PBXFileReference; includeInIndex = 1; lastKnownFileType = text.xcconfig; name = "Pods-ThePeopleThatYouCanTrustIUITests.debug.xcconfig"; path = "Target Support Files/Pods-ThePeopleThatYouCanTrustIUITests/Pods-ThePeopleThatYouCanTrustIUITests.debug.xcconfig"; sourceTree = "<group>"; };
		332020D30C6992C951E352E8 /* Pods-ThePeopleThatYouCanTrustIUITests.release.xcconfig */ = {isa = PBXFileReference; includeInIndex = 1; lastKnownFileType = text.xcconfig; name = "Pods-ThePeopleThatYouCanTrustIUITests.release.xcconfig"; path = "Target Support Files/Pods-ThePeopleThatYouCanTrustIUITests/Pods-ThePeopleThatYouCanTrustIUITests.release.xcconfig"; sourceTree = "<group>"; };
		3765EEDC6C2F720B170C88B4 /* Pods-ThePeopleThatYouCanTrustITests.debug.xcconfig */ = {isa = PBXFileReference; includeInIndex = 1; lastKnownFileType = text.xcconfig; name = "Pods-ThePeopleThatYouCanTrustITests.debug.xcconfig"; path = "Target Support Files/Pods-ThePeopleThatYouCanTrustITests/Pods-ThePeopleThatYouCanTrustITests.debug.xcconfig"; sourceTree = "<group>"; };
		6D14A5332BB0B27C00AB7F46 /* ImageLoader.swift */ = {isa = PBXFileReference; lastKnownFileType = sourcecode.swift; path = ImageLoader.swift; sourceTree = "<group>"; };
		6D14A5362BB0B2AD00AB7F46 /* ImageCache.swift */ = {isa = PBXFileReference; lastKnownFileType = sourcecode.swift; path = ImageCache.swift; sourceTree = "<group>"; };
		6D14A5392BB0B2DE00AB7F46 /* MyImageView.swift */ = {isa = PBXFileReference; lastKnownFileType = sourcecode.swift; path = MyImageView.swift; sourceTree = "<group>"; };
		6D14A53C2BB0BE8300AB7F46 /* SearchingImageView.swift */ = {isa = PBXFileReference; lastKnownFileType = sourcecode.swift; path = SearchingImageView.swift; sourceTree = "<group>"; };
		6D1FF5232BD6265800B868AC /* OriginalAppUpdateChecker.swift */ = {isa = PBXFileReference; lastKnownFileType = sourcecode.swift; path = OriginalAppUpdateChecker.swift; sourceTree = "<group>"; };
		6D44EA4F2BA111530051CD86 /* ThePeopleThatYouCanTrustI.entitlements */ = {isa = PBXFileReference; lastKnownFileType = text.plist.entitlements; path = ThePeopleThatYouCanTrustI.entitlements; sourceTree = "<group>"; };
		6D4C54CD2BADFD65008DDDF1 /* NoNetworkView.swift */ = {isa = PBXFileReference; lastKnownFileType = sourcecode.swift; path = NoNetworkView.swift; sourceTree = "<group>"; };
		6D4C54D02BAE0045008DDDF1 /* CustomColor.swift */ = {isa = PBXFileReference; lastKnownFileType = sourcecode.swift; path = CustomColor.swift; sourceTree = "<group>"; };
		6D56FD612BA012240013404E /* Truculenta-SemiBold.ttf */ = {isa = PBXFileReference; lastKnownFileType = file; path = "Truculenta-SemiBold.ttf"; sourceTree = "<group>"; };
		6D57AD6E2BB1F2D800124D99 /* NavDrawer.swift */ = {isa = PBXFileReference; lastKnownFileType = sourcecode.swift; path = NavDrawer.swift; sourceTree = "<group>"; };
		6D5ACE352BD010E9004844E5 /* ShareAppView.swift */ = {isa = PBXFileReference; lastKnownFileType = sourcecode.swift; path = ShareAppView.swift; sourceTree = "<group>"; };
		6D5ACE392BD30F5A004844E5 /* Gluten-Bold.ttf */ = {isa = PBXFileReference; lastKnownFileType = file; path = "Gluten-Bold.ttf"; sourceTree = "<group>"; };
		6D5ACE3B2BD319DC004844E5 /* SansitaSwashed-SemiBold.ttf */ = {isa = PBXFileReference; lastKnownFileType = file; path = "SansitaSwashed-SemiBold.ttf"; sourceTree = "<group>"; };
		6D6A876B2B9E1F1F00794633 /* Kurale-Regular.ttf */ = {isa = PBXFileReference; lastKnownFileType = file; path = "Kurale-Regular.ttf"; sourceTree = "<group>"; };
		6D6A876D2B9E1F3D00794633 /* Salsa-Regular.ttf */ = {isa = PBXFileReference; lastKnownFileType = file; path = "Salsa-Regular.ttf"; sourceTree = "<group>"; };
		6D6A87712B9E20BA00794633 /* Caveat-VariableFont.ttf */ = {isa = PBXFileReference; lastKnownFileType = file; path = "Caveat-VariableFont.ttf"; sourceTree = "<group>"; };
		6D6A87732B9E20C400794633 /* BungeeSpice-Regular.ttf */ = {isa = PBXFileReference; lastKnownFileType = file; path = "BungeeSpice-Regular.ttf"; sourceTree = "<group>"; };
		6D6A87752B9E210A00794633 /* NetworkCheck.swift */ = {isa = PBXFileReference; lastKnownFileType = sourcecode.swift; path = NetworkCheck.swift; sourceTree = "<group>"; };
		6D6A87772B9E213700794633 /* PopupKeyboard.swift */ = {isa = PBXFileReference; lastKnownFileType = sourcecode.swift; path = PopupKeyboard.swift; sourceTree = "<group>"; };
		6D6A877B2B9E215E00794633 /* SidebarView.swift */ = {isa = PBXFileReference; lastKnownFileType = sourcecode.swift; path = SidebarView.swift; sourceTree = "<group>"; };
		6D6A877D2B9E216B00794633 /* SidebarRowType.swift */ = {isa = PBXFileReference; lastKnownFileType = sourcecode.swift; path = SidebarRowType.swift; sourceTree = "<group>"; };
		6D6A877F2B9E217200794633 /* InjectionAnn.swift */ = {isa = PBXFileReference; lastKnownFileType = sourcecode.swift; path = InjectionAnn.swift; sourceTree = "<group>"; };
		6D6A87812B9E217800794633 /* NavManager.swift */ = {isa = PBXFileReference; lastKnownFileType = sourcecode.swift; path = NavManager.swift; sourceTree = "<group>"; };
		6D6A87832B9E218700794633 /* MainScreen.swift */ = {isa = PBXFileReference; lastKnownFileType = sourcecode.swift; path = MainScreen.swift; sourceTree = "<group>"; };
		6D6A87852B9E219100794633 /* AboutUsView.swift */ = {isa = PBXFileReference; lastKnownFileType = sourcecode.swift; path = AboutUsView.swift; sourceTree = "<group>"; };
		6D6A87872B9E219900794633 /* CompanyList.swift */ = {isa = PBXFileReference; lastKnownFileType = sourcecode.swift; path = CompanyList.swift; sourceTree = "<group>"; };
		6D6A87892B9E21A000794633 /* SearchCompaniesView.swift */ = {isa = PBXFileReference; lastKnownFileType = sourcecode.swift; path = SearchCompaniesView.swift; sourceTree = "<group>"; };
		6D6A878B2B9E21B000794633 /* DefaultCompaniesView.swift */ = {isa = PBXFileReference; lastKnownFileType = sourcecode.swift; path = DefaultCompaniesView.swift; sourceTree = "<group>"; };
		6D6A878D2B9E21C400794633 /* SearchingListLayoutView.swift */ = {isa = PBXFileReference; lastKnownFileType = sourcecode.swift; path = SearchingListLayoutView.swift; sourceTree = "<group>"; };
		6D6A878F2B9E21D100794633 /* CustomSearchBar.swift */ = {isa = PBXFileReference; lastKnownFileType = sourcecode.swift; path = CustomSearchBar.swift; sourceTree = "<group>"; };
		6D6A87912B9E21DC00794633 /* ApiFetchHandler.swift */ = {isa = PBXFileReference; lastKnownFileType = sourcecode.swift; path = ApiFetchHandler.swift; sourceTree = "<group>"; };
		6D6A87932B9E21E600794633 /* AboutUsNetworkCall.swift */ = {isa = PBXFileReference; lastKnownFileType = sourcecode.swift; path = AboutUsNetworkCall.swift; sourceTree = "<group>"; };
		6D6A87952B9E243000794633 /* Info.plist */ = {isa = PBXFileReference; lastKnownFileType = text.plist; path = Info.plist; sourceTree = "<group>"; };
		6D6A87962B9E2CE500794633 /* ProtestGuerrilla-Regular.ttf */ = {isa = PBXFileReference; lastKnownFileType = file; path = "ProtestGuerrilla-Regular.ttf"; sourceTree = "<group>"; };
		6D6A879C2B9E34C000794633 /* PermanentMarker-Regular.ttf */ = {isa = PBXFileReference; lastKnownFileType = file; path = "PermanentMarker-Regular.ttf"; sourceTree = "<group>"; };
		6DB6D2052BE68F6F000C0D64 /* BrowseCompaniesView.swift */ = {isa = PBXFileReference; lastKnownFileType = sourcecode.swift; path = BrowseCompaniesView.swift; sourceTree = "<group>"; };
		6DDC98D42BD8484200BF4753 /* AppUpdateCheckerView.swift */ = {isa = PBXFileReference; lastKnownFileType = sourcecode.swift; path = AppUpdateCheckerView.swift; sourceTree = "<group>"; };
		6DDC98D82BD93BFE00BF4753 /* CustomAlertView.swift */ = {isa = PBXFileReference; lastKnownFileType = sourcecode.swift; path = CustomAlertView.swift; sourceTree = "<group>"; };
		6DF63A0F2B9D4D22000BC120 /* ThePeopleThatYouCanTrustI.app */ = {isa = PBXFileReference; explicitFileType = wrapper.application; includeInIndex = 0; path = ThePeopleThatYouCanTrustI.app; sourceTree = BUILT_PRODUCTS_DIR; };
		6DF63A122B9D4D22000BC120 /* ThePeopleThatYouCanTrustIApp.swift */ = {isa = PBXFileReference; lastKnownFileType = sourcecode.swift; path = ThePeopleThatYouCanTrustIApp.swift; sourceTree = "<group>"; };
		6DF63A162B9D4D23000BC120 /* Assets.xcassets */ = {isa = PBXFileReference; lastKnownFileType = folder.assetcatalog; path = Assets.xcassets; sourceTree = "<group>"; };
		6DF63A1F2B9D4D24000BC120 /* ThePeopleThatYouCanTrustITests.xctest */ = {isa = PBXFileReference; explicitFileType = wrapper.cfbundle; includeInIndex = 0; path = ThePeopleThatYouCanTrustITests.xctest; sourceTree = BUILT_PRODUCTS_DIR; };
		6DF63A232B9D4D24000BC120 /* ThePeopleThatYouCanTrustITests.swift */ = {isa = PBXFileReference; lastKnownFileType = sourcecode.swift; path = ThePeopleThatYouCanTrustITests.swift; sourceTree = "<group>"; };
		6DF63A292B9D4D24000BC120 /* ThePeopleThatYouCanTrustIUITests.xctest */ = {isa = PBXFileReference; explicitFileType = wrapper.cfbundle; includeInIndex = 0; path = ThePeopleThatYouCanTrustIUITests.xctest; sourceTree = BUILT_PRODUCTS_DIR; };
		6DF63A2D2B9D4D24000BC120 /* ThePeopleThatYouCanTrustIUITests.swift */ = {isa = PBXFileReference; lastKnownFileType = sourcecode.swift; path = ThePeopleThatYouCanTrustIUITests.swift; sourceTree = "<group>"; };
		6DF63A2F2B9D4D24000BC120 /* ThePeopleThatYouCanTrustIUITestsLaunchTests.swift */ = {isa = PBXFileReference; lastKnownFileType = sourcecode.swift; path = ThePeopleThatYouCanTrustIUITestsLaunchTests.swift; sourceTree = "<group>"; };
		B94BA2A72273E2376B790333 /* Pods-ThePeopleThatYouCanTrustI.debug.xcconfig */ = {isa = PBXFileReference; includeInIndex = 1; lastKnownFileType = text.xcconfig; name = "Pods-ThePeopleThatYouCanTrustI.debug.xcconfig"; path = "Target Support Files/Pods-ThePeopleThatYouCanTrustI/Pods-ThePeopleThatYouCanTrustI.debug.xcconfig"; sourceTree = "<group>"; };
		CF8A79E7673137B53E5082B7 /* Pods-ThePeopleThatYouCanTrustI.release.xcconfig */ = {isa = PBXFileReference; includeInIndex = 1; lastKnownFileType = text.xcconfig; name = "Pods-ThePeopleThatYouCanTrustI.release.xcconfig"; path = "Target Support Files/Pods-ThePeopleThatYouCanTrustI/Pods-ThePeopleThatYouCanTrustI.release.xcconfig"; sourceTree = "<group>"; };
/* End PBXFileReference section */

/* Begin PBXFrameworksBuildPhase section */
		6DF63A0C2B9D4D22000BC120 /* Frameworks */ = {
			isa = PBXFrameworksBuildPhase;
			buildActionMask = 2147483647;
			files = (
			);
			runOnlyForDeploymentPostprocessing = 0;
		};
		6DF63A1C2B9D4D24000BC120 /* Frameworks */ = {
			isa = PBXFrameworksBuildPhase;
			buildActionMask = 2147483647;
			files = (
			);
			runOnlyForDeploymentPostprocessing = 0;
		};
		6DF63A262B9D4D24000BC120 /* Frameworks */ = {
			isa = PBXFrameworksBuildPhase;
			buildActionMask = 2147483647;
			files = (
			);
			runOnlyForDeploymentPostprocessing = 0;
		};
/* End PBXFrameworksBuildPhase section */

/* Begin PBXGroup section */
		30B0EB4A7D26F2EDDB494EB2 /* Pods */ = {
			isa = PBXGroup;
			children = (
				B94BA2A72273E2376B790333 /* Pods-ThePeopleThatYouCanTrustI.debug.xcconfig */,
				CF8A79E7673137B53E5082B7 /* Pods-ThePeopleThatYouCanTrustI.release.xcconfig */,
				3765EEDC6C2F720B170C88B4 /* Pods-ThePeopleThatYouCanTrustITests.debug.xcconfig */,
				0C898E31DF10D650D0E930B4 /* Pods-ThePeopleThatYouCanTrustITests.release.xcconfig */,
				319B0BA38EF427F11C9A149E /* Pods-ThePeopleThatYouCanTrustIUITests.debug.xcconfig */,
				332020D30C6992C951E352E8 /* Pods-ThePeopleThatYouCanTrustIUITests.release.xcconfig */,
			);
			path = Pods;
			sourceTree = "<group>";
		};
		6D57AD742BB23F5E00124D99 /* noNetwork */ = {
			isa = PBXGroup;
			children = (
				6D6A87752B9E210A00794633 /* NetworkCheck.swift */,
				6D4C54CD2BADFD65008DDDF1 /* NoNetworkView.swift */,
			);
			path = noNetwork;
			sourceTree = "<group>";
		};
		6D57AD752BB23F8300124D99 /* imageViews */ = {
			isa = PBXGroup;
			children = (
				6D14A5362BB0B2AD00AB7F46 /* ImageCache.swift */,
				6D14A5392BB0B2DE00AB7F46 /* MyImageView.swift */,
				6D14A53C2BB0BE8300AB7F46 /* SearchingImageView.swift */,
				6D14A5332BB0B27C00AB7F46 /* ImageLoader.swift */,
			);
			path = imageViews;
			sourceTree = "<group>";
		};
		6D5ACE342BD010DD004844E5 /* shareApp */ = {
			isa = PBXGroup;
			children = (
				6D5ACE352BD010E9004844E5 /* ShareAppView.swift */,
			);
			path = shareApp;
			sourceTree = "<group>";
		};
		6DDC98D62BD93BAF00BF4753 /* updateApp */ = {
			isa = PBXGroup;
			children = (
				6DDC98D42BD8484200BF4753 /* AppUpdateCheckerView.swift */,
			);
			path = updateApp;
			sourceTree = "<group>";
		};
		6DDC98D72BD93BC900BF4753 /* custom */ = {
			isa = PBXGroup;
			children = (
				6D4C54D02BAE0045008DDDF1 /* CustomColor.swift */,
				6D6A878F2B9E21D100794633 /* CustomSearchBar.swift */,
				6D6A87772B9E213700794633 /* PopupKeyboard.swift */,
				6DDC98D82BD93BFE00BF4753 /* CustomAlertView.swift */,
			);
			path = custom;
			sourceTree = "<group>";
		};
		6DF63A062B9D4D22000BC120 = {
			isa = PBXGroup;
			children = (
				6DF63A112B9D4D22000BC120 /* ThePeopleThatYouCanTrustI */,
				6DF63A222B9D4D24000BC120 /* ThePeopleThatYouCanTrustITests */,
				6DF63A2C2B9D4D24000BC120 /* ThePeopleThatYouCanTrustIUITests */,
				6DF63A102B9D4D22000BC120 /* Products */,
				30B0EB4A7D26F2EDDB494EB2 /* Pods */,
				E34205DAA89F4D11E0B1CEB0 /* Frameworks */,
			);
			sourceTree = "<group>";
		};
		6DF63A102B9D4D22000BC120 /* Products */ = {
			isa = PBXGroup;
			children = (
				6DF63A0F2B9D4D22000BC120 /* ThePeopleThatYouCanTrustI.app */,
				6DF63A1F2B9D4D24000BC120 /* ThePeopleThatYouCanTrustITests.xctest */,
				6DF63A292B9D4D24000BC120 /* ThePeopleThatYouCanTrustIUITests.xctest */,
			);
			name = Products;
			sourceTree = "<group>";
		};
		6DF63A112B9D4D22000BC120 /* ThePeopleThatYouCanTrustI */ = {
			isa = PBXGroup;
			children = (
				6D44EA4F2BA111530051CD86 /* ThePeopleThatYouCanTrustI.entitlements */,
				6D6A87952B9E243000794633 /* Info.plist */,
				6DF63A122B9D4D22000BC120 /* ThePeopleThatYouCanTrustIApp.swift */,
				6DDC98D72BD93BC900BF4753 /* custom */,
				6DF63A422B9D4EB4000BC120 /* sideMenu */,
				6DF63A402B9D4E85000BC120 /* navigation */,
				6DF63A412B9D4E90000BC120 /* fonts */,
				6DF63A3D2B9D4E3F000BC120 /* ui */,
				6DF63A3C2B9D4E32000BC120 /* api */,
				6DF63A162B9D4D23000BC120 /* Assets.xcassets */,
				6D1FF5232BD6265800B868AC /* OriginalAppUpdateChecker.swift */,
			);
			path = ThePeopleThatYouCanTrustI;
			sourceTree = "<group>";
		};
		6DF63A222B9D4D24000BC120 /* ThePeopleThatYouCanTrustITests */ = {
			isa = PBXGroup;
			children = (
				6DF63A232B9D4D24000BC120 /* ThePeopleThatYouCanTrustITests.swift */,
			);
			path = ThePeopleThatYouCanTrustITests;
			sourceTree = "<group>";
		};
		6DF63A2C2B9D4D24000BC120 /* ThePeopleThatYouCanTrustIUITests */ = {
			isa = PBXGroup;
			children = (
				6DF63A2D2B9D4D24000BC120 /* ThePeopleThatYouCanTrustIUITests.swift */,
				6DF63A2F2B9D4D24000BC120 /* ThePeopleThatYouCanTrustIUITestsLaunchTests.swift */,
			);
			path = ThePeopleThatYouCanTrustIUITests;
			sourceTree = "<group>";
		};
		6DF63A3C2B9D4E32000BC120 /* api */ = {
			isa = PBXGroup;
			children = (
				6D6A87912B9E21DC00794633 /* ApiFetchHandler.swift */,
				6D6A87932B9E21E600794633 /* AboutUsNetworkCall.swift */,
			);
			path = api;
			sourceTree = "<group>";
		};
		6DF63A3D2B9D4E3F000BC120 /* ui */ = {
			isa = PBXGroup;
			children = (
				6DDC98D62BD93BAF00BF4753 /* updateApp */,
				6D5ACE342BD010DD004844E5 /* shareApp */,
				6D57AD742BB23F5E00124D99 /* noNetwork */,
				6DF63A3F2B9D4E7B000BC120 /* aboutUs */,
				6DF63A3E2B9D4E47000BC120 /* companies */,
			);
			path = ui;
			sourceTree = "<group>";
		};
		6DF63A3E2B9D4E47000BC120 /* companies */ = {
			isa = PBXGroup;
			children = (
				6DB6D2052BE68F6F000C0D64 /* BrowseCompaniesView.swift */,
				6D6A87872B9E219900794633 /* CompanyList.swift */,
				6D6A878B2B9E21B000794633 /* DefaultCompaniesView.swift */,
				6D6A87892B9E21A000794633 /* SearchCompaniesView.swift */,
				6D6A878D2B9E21C400794633 /* SearchingListLayoutView.swift */,
				6D57AD752BB23F8300124D99 /* imageViews */,
			);
			path = companies;
			sourceTree = "<group>";
		};
		6DF63A3F2B9D4E7B000BC120 /* aboutUs */ = {
			isa = PBXGroup;
			children = (
				6D6A87852B9E219100794633 /* AboutUsView.swift */,
			);
			path = aboutUs;
			sourceTree = "<group>";
		};
		6DF63A402B9D4E85000BC120 /* navigation */ = {
			isa = PBXGroup;
			children = (
				6D6A877F2B9E217200794633 /* InjectionAnn.swift */,
				6D6A87812B9E217800794633 /* NavManager.swift */,
				6D6A87832B9E218700794633 /* MainScreen.swift */,
			);
			path = navigation;
			sourceTree = "<group>";
		};
		6DF63A412B9D4E90000BC120 /* fonts */ = {
			isa = PBXGroup;
			children = (
				6D5ACE3B2BD319DC004844E5 /* SansitaSwashed-SemiBold.ttf */,
				6D5ACE392BD30F5A004844E5 /* Gluten-Bold.ttf */,
				6D6A879C2B9E34C000794633 /* PermanentMarker-Regular.ttf */,
				6D56FD612BA012240013404E /* Truculenta-SemiBold.ttf */,
				6D6A87962B9E2CE500794633 /* ProtestGuerrilla-Regular.ttf */,
				6D6A87732B9E20C400794633 /* BungeeSpice-Regular.ttf */,
				6D6A876B2B9E1F1F00794633 /* Kurale-Regular.ttf */,
				6D6A87712B9E20BA00794633 /* Caveat-VariableFont.ttf */,
				6D6A876D2B9E1F3D00794633 /* Salsa-Regular.ttf */,
			);
			path = fonts;
			sourceTree = "<group>";
		};
		6DF63A422B9D4EB4000BC120 /* sideMenu */ = {
			isa = PBXGroup;
			children = (
				6D57AD6E2BB1F2D800124D99 /* NavDrawer.swift */,
				6D6A877B2B9E215E00794633 /* SidebarView.swift */,
				6D6A877D2B9E216B00794633 /* SidebarRowType.swift */,
			);
			path = sideMenu;
			sourceTree = "<group>";
		};
		E34205DAA89F4D11E0B1CEB0 /* Frameworks */ = {
			isa = PBXGroup;
			children = (
			);
			name = Frameworks;
			sourceTree = "<group>";
		};
/* End PBXGroup section */

/* Begin PBXNativeTarget section */
		6DF63A0E2B9D4D22000BC120 /* ThePeopleThatYouCanTrustI */ = {
			isa = PBXNativeTarget;
			buildConfigurationList = 6DF63A332B9D4D24000BC120 /* Build configuration list for PBXNativeTarget "ThePeopleThatYouCanTrustI" */;
			buildPhases = (
				4A1E2B41D2EA9A2917550B20 /* [CP] Check Pods Manifest.lock */,
				6DF63A0B2B9D4D22000BC120 /* Sources */,
				6DF63A0C2B9D4D22000BC120 /* Frameworks */,
				6DF63A0D2B9D4D22000BC120 /* Resources */,
				6D6A87D62B9FF1D900794633 /* Embed App Clips */,
			);
			buildRules = (
			);
			dependencies = (
			);
			name = ThePeopleThatYouCanTrustI;
			productName = ThePeopleThatYouCanTrustI;
			productReference = 6DF63A0F2B9D4D22000BC120 /* ThePeopleThatYouCanTrustI.app */;
			productType = "com.apple.product-type.application";
		};
		6DF63A1E2B9D4D24000BC120 /* ThePeopleThatYouCanTrustITests */ = {
			isa = PBXNativeTarget;
			buildConfigurationList = 6DF63A362B9D4D24000BC120 /* Build configuration list for PBXNativeTarget "ThePeopleThatYouCanTrustITests" */;
			buildPhases = (
				A2C1A4860E399F6A368775EF /* [CP] Check Pods Manifest.lock */,
				6DF63A1B2B9D4D24000BC120 /* Sources */,
				6DF63A1C2B9D4D24000BC120 /* Frameworks */,
				6DF63A1D2B9D4D24000BC120 /* Resources */,
			);
			buildRules = (
			);
			dependencies = (
				6DF63A212B9D4D24000BC120 /* PBXTargetDependency */,
			);
			name = ThePeopleThatYouCanTrustITests;
			productName = ThePeopleThatYouCanTrustITests;
			productReference = 6DF63A1F2B9D4D24000BC120 /* ThePeopleThatYouCanTrustITests.xctest */;
			productType = "com.apple.product-type.bundle.unit-test";
		};
		6DF63A282B9D4D24000BC120 /* ThePeopleThatYouCanTrustIUITests */ = {
			isa = PBXNativeTarget;
			buildConfigurationList = 6DF63A392B9D4D24000BC120 /* Build configuration list for PBXNativeTarget "ThePeopleThatYouCanTrustIUITests" */;
			buildPhases = (
				546807EDCC2FFCD0AE333F94 /* [CP] Check Pods Manifest.lock */,
				6DF63A252B9D4D24000BC120 /* Sources */,
				6DF63A262B9D4D24000BC120 /* Frameworks */,
				6DF63A272B9D4D24000BC120 /* Resources */,
			);
			buildRules = (
			);
			dependencies = (
				6DF63A2B2B9D4D24000BC120 /* PBXTargetDependency */,
			);
			name = ThePeopleThatYouCanTrustIUITests;
			productName = ThePeopleThatYouCanTrustIUITests;
			productReference = 6DF63A292B9D4D24000BC120 /* ThePeopleThatYouCanTrustIUITests.xctest */;
			productType = "com.apple.product-type.bundle.ui-testing";
		};
/* End PBXNativeTarget section */

/* Begin PBXProject section */
		6DF63A072B9D4D22000BC120 /* Project object */ = {
			isa = PBXProject;
			attributes = {
				BuildIndependentTargetsInParallel = 1;
				LastSwiftUpdateCheck = 1500;
				LastUpgradeCheck = 1500;
				TargetAttributes = {
					6DF63A0E2B9D4D22000BC120 = {
						CreatedOnToolsVersion = 15.0.1;
					};
					6DF63A1E2B9D4D24000BC120 = {
						CreatedOnToolsVersion = 15.0.1;
						TestTargetID = 6DF63A0E2B9D4D22000BC120;
					};
					6DF63A282B9D4D24000BC120 = {
						CreatedOnToolsVersion = 15.0.1;
						TestTargetID = 6DF63A0E2B9D4D22000BC120;
					};
				};
			};
			buildConfigurationList = 6DF63A0A2B9D4D22000BC120 /* Build configuration list for PBXProject "ThePeopleThatYouCanTrustI" */;
			compatibilityVersion = "Xcode 14.0";
			developmentRegion = en;
			hasScannedForEncodings = 0;
			knownRegions = (
				en,
				Base,
			);
			mainGroup = 6DF63A062B9D4D22000BC120;
			productRefGroup = 6DF63A102B9D4D22000BC120 /* Products */;
			projectDirPath = "";
			projectRoot = "";
			targets = (
				6DF63A0E2B9D4D22000BC120 /* ThePeopleThatYouCanTrustI */,
				6DF63A1E2B9D4D24000BC120 /* ThePeopleThatYouCanTrustITests */,
				6DF63A282B9D4D24000BC120 /* ThePeopleThatYouCanTrustIUITests */,
			);
		};
/* End PBXProject section */

/* Begin PBXResourcesBuildPhase section */
		6DF63A0D2B9D4D22000BC120 /* Resources */ = {
			isa = PBXResourcesBuildPhase;
			buildActionMask = 2147483647;
			files = (
				6D6A876C2B9E1F1F00794633 /* Kurale-Regular.ttf in Resources */,
				6D6A876E2B9E1F3D00794633 /* Salsa-Regular.ttf in Resources */,
				6D6A87742B9E20C400794633 /* BungeeSpice-Regular.ttf in Resources */,
				6D5ACE3C2BD319DC004844E5 /* SansitaSwashed-SemiBold.ttf in Resources */,
				6D5ACE3A2BD30F5A004844E5 /* Gluten-Bold.ttf in Resources */,
				6D56FD622BA012240013404E /* Truculenta-SemiBold.ttf in Resources */,
				6D6A87722B9E20BA00794633 /* Caveat-VariableFont.ttf in Resources */,
				6D6A87972B9E2CE500794633 /* ProtestGuerrilla-Regular.ttf in Resources */,
				6D6A879D2B9E34C000794633 /* PermanentMarker-Regular.ttf in Resources */,
				6DF63A172B9D4D23000BC120 /* Assets.xcassets in Resources */,
			);
			runOnlyForDeploymentPostprocessing = 0;
		};
		6DF63A1D2B9D4D24000BC120 /* Resources */ = {
			isa = PBXResourcesBuildPhase;
			buildActionMask = 2147483647;
			files = (
			);
			runOnlyForDeploymentPostprocessing = 0;
		};
		6DF63A272B9D4D24000BC120 /* Resources */ = {
			isa = PBXResourcesBuildPhase;
			buildActionMask = 2147483647;
			files = (
			);
			runOnlyForDeploymentPostprocessing = 0;
		};
/* End PBXResourcesBuildPhase section */

/* Begin PBXShellScriptBuildPhase section */
		4A1E2B41D2EA9A2917550B20 /* [CP] Check Pods Manifest.lock */ = {
			isa = PBXShellScriptBuildPhase;
			buildActionMask = 2147483647;
			files = (
			);
			inputFileListPaths = (
			);
			inputPaths = (
				"${PODS_PODFILE_DIR_PATH}/Podfile.lock",
				"${PODS_ROOT}/Manifest.lock",
			);
			name = "[CP] Check Pods Manifest.lock";
			outputFileListPaths = (
			);
			outputPaths = (
				"$(DERIVED_FILE_DIR)/Pods-ThePeopleThatYouCanTrustI-checkManifestLockResult.txt",
			);
			runOnlyForDeploymentPostprocessing = 0;
			shellPath = /bin/sh;
			shellScript = "diff \"${PODS_PODFILE_DIR_PATH}/Podfile.lock\" \"${PODS_ROOT}/Manifest.lock\" > /dev/null\nif [ $? != 0 ] ; then\n    # print error to STDERR\n    echo \"error: The sandbox is not in sync with the Podfile.lock. Run 'pod install' or update your CocoaPods installation.\" >&2\n    exit 1\nfi\n# This output is used by Xcode 'outputs' to avoid re-running this script phase.\necho \"SUCCESS\" > \"${SCRIPT_OUTPUT_FILE_0}\"\n";
			showEnvVarsInLog = 0;
		};
		546807EDCC2FFCD0AE333F94 /* [CP] Check Pods Manifest.lock */ = {
			isa = PBXShellScriptBuildPhase;
			buildActionMask = 2147483647;
			files = (
			);
			inputFileListPaths = (
			);
			inputPaths = (
				"${PODS_PODFILE_DIR_PATH}/Podfile.lock",
				"${PODS_ROOT}/Manifest.lock",
			);
			name = "[CP] Check Pods Manifest.lock";
			outputFileListPaths = (
			);
			outputPaths = (
				"$(DERIVED_FILE_DIR)/Pods-ThePeopleThatYouCanTrustIUITests-checkManifestLockResult.txt",
			);
			runOnlyForDeploymentPostprocessing = 0;
			shellPath = /bin/sh;
			shellScript = "diff \"${PODS_PODFILE_DIR_PATH}/Podfile.lock\" \"${PODS_ROOT}/Manifest.lock\" > /dev/null\nif [ $? != 0 ] ; then\n    # print error to STDERR\n    echo \"error: The sandbox is not in sync with the Podfile.lock. Run 'pod install' or update your CocoaPods installation.\" >&2\n    exit 1\nfi\n# This output is used by Xcode 'outputs' to avoid re-running this script phase.\necho \"SUCCESS\" > \"${SCRIPT_OUTPUT_FILE_0}\"\n";
			showEnvVarsInLog = 0;
		};
		A2C1A4860E399F6A368775EF /* [CP] Check Pods Manifest.lock */ = {
			isa = PBXShellScriptBuildPhase;
			buildActionMask = 2147483647;
			files = (
			);
			inputFileListPaths = (
			);
			inputPaths = (
				"${PODS_PODFILE_DIR_PATH}/Podfile.lock",
				"${PODS_ROOT}/Manifest.lock",
			);
			name = "[CP] Check Pods Manifest.lock";
			outputFileListPaths = (
			);
			outputPaths = (
				"$(DERIVED_FILE_DIR)/Pods-ThePeopleThatYouCanTrustITests-checkManifestLockResult.txt",
			);
			runOnlyForDeploymentPostprocessing = 0;
			shellPath = /bin/sh;
			shellScript = "diff \"${PODS_PODFILE_DIR_PATH}/Podfile.lock\" \"${PODS_ROOT}/Manifest.lock\" > /dev/null\nif [ $? != 0 ] ; then\n    # print error to STDERR\n    echo \"error: The sandbox is not in sync with the Podfile.lock. Run 'pod install' or update your CocoaPods installation.\" >&2\n    exit 1\nfi\n# This output is used by Xcode 'outputs' to avoid re-running this script phase.\necho \"SUCCESS\" > \"${SCRIPT_OUTPUT_FILE_0}\"\n";
			showEnvVarsInLog = 0;
		};
/* End PBXShellScriptBuildPhase section */

/* Begin PBXSourcesBuildPhase section */
		6DF63A0B2B9D4D22000BC120 /* Sources */ = {
			isa = PBXSourcesBuildPhase;
			buildActionMask = 2147483647;
			files = (
				6DDC98D52BD8484200BF4753 /* AppUpdateCheckerView.swift in Sources */,
				6D6A877E2B9E216B00794633 /* SidebarRowType.swift in Sources */,
				6D14A5342BB0B27C00AB7F46 /* ImageLoader.swift in Sources */,
				6D6A87942B9E21E600794633 /* AboutUsNetworkCall.swift in Sources */,
				6D6A87842B9E218700794633 /* MainScreen.swift in Sources */,
				6D1FF5242BD6265800B868AC /* OriginalAppUpdateChecker.swift in Sources */,
				6D6A87822B9E217800794633 /* NavManager.swift in Sources */,
				6D6A878C2B9E21B000794633 /* DefaultCompaniesView.swift in Sources */,
				6D6A87902B9E21D100794633 /* CustomSearchBar.swift in Sources */,
				6D6A87922B9E21DC00794633 /* ApiFetchHandler.swift in Sources */,
				6D57AD6F2BB1F2D800124D99 /* NavDrawer.swift in Sources */,
				6D4C54CE2BADFD65008DDDF1 /* NoNetworkView.swift in Sources */,
				6D6A87862B9E219100794633 /* AboutUsView.swift in Sources */,
				6DF63A132B9D4D22000BC120 /* ThePeopleThatYouCanTrustIApp.swift in Sources */,
				6D5ACE362BD010E9004844E5 /* ShareAppView.swift in Sources */,
				6D14A53D2BB0BE8300AB7F46 /* SearchingImageView.swift in Sources */,
				6D14A5372BB0B2AD00AB7F46 /* ImageCache.swift in Sources */,
				6D6A87882B9E219900794633 /* CompanyList.swift in Sources */,
				6D6A87762B9E210A00794633 /* NetworkCheck.swift in Sources */,
				6D4C54D12BAE0045008DDDF1 /* CustomColor.swift in Sources */,
				6D6A87802B9E217200794633 /* InjectionAnn.swift in Sources */,
				6D6A878A2B9E21A000794633 /* SearchCompaniesView.swift in Sources */,
				6DDC98D92BD93BFE00BF4753 /* CustomAlertView.swift in Sources */,
				6DB6D2062BE68F6F000C0D64 /* BrowseCompaniesView.swift in Sources */,
				6D14A53A2BB0B2DE00AB7F46 /* MyImageView.swift in Sources */,
				6D6A87782B9E213700794633 /* PopupKeyboard.swift in Sources */,
				6D6A878E2B9E21C400794633 /* SearchingListLayoutView.swift in Sources */,
				6D6A877C2B9E215E00794633 /* SidebarView.swift in Sources */,
			);
			runOnlyForDeploymentPostprocessing = 0;
		};
		6DF63A1B2B9D4D24000BC120 /* Sources */ = {
			isa = PBXSourcesBuildPhase;
			buildActionMask = 2147483647;
			files = (
				6DF63A242B9D4D24000BC120 /* ThePeopleThatYouCanTrustITests.swift in Sources */,
			);
			runOnlyForDeploymentPostprocessing = 0;
		};
		6DF63A252B9D4D24000BC120 /* Sources */ = {
			isa = PBXSourcesBuildPhase;
			buildActionMask = 2147483647;
			files = (
				6DF63A302B9D4D24000BC120 /* ThePeopleThatYouCanTrustIUITestsLaunchTests.swift in Sources */,
				6DF63A2E2B9D4D24000BC120 /* ThePeopleThatYouCanTrustIUITests.swift in Sources */,
			);
			runOnlyForDeploymentPostprocessing = 0;
		};
/* End PBXSourcesBuildPhase section */

/* Begin PBXTargetDependency section */
		6DF63A212B9D4D24000BC120 /* PBXTargetDependency */ = {
			isa = PBXTargetDependency;
			target = 6DF63A0E2B9D4D22000BC120 /* ThePeopleThatYouCanTrustI */;
			targetProxy = 6DF63A202B9D4D24000BC120 /* PBXContainerItemProxy */;
		};
		6DF63A2B2B9D4D24000BC120 /* PBXTargetDependency */ = {
			isa = PBXTargetDependency;
			target = 6DF63A0E2B9D4D22000BC120 /* ThePeopleThatYouCanTrustI */;
			targetProxy = 6DF63A2A2B9D4D24000BC120 /* PBXContainerItemProxy */;
		};
/* End PBXTargetDependency section */

/* Begin XCBuildConfiguration section */
		6DF63A312B9D4D24000BC120 /* Debug */ = {
			isa = XCBuildConfiguration;
			buildSettings = {
				ALWAYS_SEARCH_USER_PATHS = NO;
				ASSETCATALOG_COMPILER_GENERATE_SWIFT_ASSET_SYMBOL_EXTENSIONS = YES;
				CLANG_ANALYZER_NONNULL = YES;
				CLANG_ANALYZER_NUMBER_OBJECT_CONVERSION = YES_AGGRESSIVE;
				CLANG_CXX_LANGUAGE_STANDARD = "gnu++20";
				CLANG_ENABLE_MODULES = YES;
				CLANG_ENABLE_OBJC_ARC = YES;
				CLANG_ENABLE_OBJC_WEAK = YES;
				CLANG_WARN_BLOCK_CAPTURE_AUTORELEASING = YES;
				CLANG_WARN_BOOL_CONVERSION = YES;
				CLANG_WARN_COMMA = YES;
				CLANG_WARN_CONSTANT_CONVERSION = YES;
				CLANG_WARN_DEPRECATED_OBJC_IMPLEMENTATIONS = YES;
				CLANG_WARN_DIRECT_OBJC_ISA_USAGE = YES_ERROR;
				CLANG_WARN_DOCUMENTATION_COMMENTS = YES;
				CLANG_WARN_EMPTY_BODY = YES;
				CLANG_WARN_ENUM_CONVERSION = YES;
				CLANG_WARN_INFINITE_RECURSION = YES;
				CLANG_WARN_INT_CONVERSION = YES;
				CLANG_WARN_NON_LITERAL_NULL_CONVERSION = YES;
				CLANG_WARN_OBJC_IMPLICIT_RETAIN_SELF = YES;
				CLANG_WARN_OBJC_LITERAL_CONVERSION = YES;
				CLANG_WARN_OBJC_ROOT_CLASS = YES_ERROR;
				CLANG_WARN_QUOTED_INCLUDE_IN_FRAMEWORK_HEADER = YES;
				CLANG_WARN_RANGE_LOOP_ANALYSIS = YES;
				CLANG_WARN_STRICT_PROTOTYPES = YES;
				CLANG_WARN_SUSPICIOUS_MOVE = YES;
				CLANG_WARN_UNGUARDED_AVAILABILITY = YES_AGGRESSIVE;
				CLANG_WARN_UNREACHABLE_CODE = YES;
				CLANG_WARN__DUPLICATE_METHOD_MATCH = YES;
				COPY_PHASE_STRIP = NO;
				DEBUG_INFORMATION_FORMAT = dwarf;
				ENABLE_STRICT_OBJC_MSGSEND = YES;
				ENABLE_TESTABILITY = YES;
				ENABLE_USER_SCRIPT_SANDBOXING = YES;
				GCC_C_LANGUAGE_STANDARD = gnu17;
				GCC_DYNAMIC_NO_PIC = NO;
				GCC_NO_COMMON_BLOCKS = YES;
				GCC_OPTIMIZATION_LEVEL = 0;
				GCC_PREPROCESSOR_DEFINITIONS = (
					"DEBUG=1",
					"$(inherited)",
				);
				GCC_WARN_64_TO_32_BIT_CONVERSION = YES;
				GCC_WARN_ABOUT_RETURN_TYPE = YES_ERROR;
				GCC_WARN_UNDECLARED_SELECTOR = YES;
				GCC_WARN_UNINITIALIZED_AUTOS = YES_AGGRESSIVE;
				GCC_WARN_UNUSED_FUNCTION = YES;
				GCC_WARN_UNUSED_VARIABLE = YES;
				IPHONEOS_DEPLOYMENT_TARGET = 16.0;
				LOCALIZATION_PREFERS_STRING_CATALOGS = YES;
				MTL_ENABLE_DEBUG_INFO = INCLUDE_SOURCE;
				MTL_FAST_MATH = YES;
				ONLY_ACTIVE_ARCH = YES;
				SDKROOT = iphoneos;
				SWIFT_ACTIVE_COMPILATION_CONDITIONS = "DEBUG $(inherited)";
				SWIFT_OPTIMIZATION_LEVEL = "-Onone";
			};
			name = Debug;
		};
		6DF63A322B9D4D24000BC120 /* Release */ = {
			isa = XCBuildConfiguration;
			buildSettings = {
				ALWAYS_SEARCH_USER_PATHS = NO;
				ASSETCATALOG_COMPILER_GENERATE_SWIFT_ASSET_SYMBOL_EXTENSIONS = YES;
				CLANG_ANALYZER_NONNULL = YES;
				CLANG_ANALYZER_NUMBER_OBJECT_CONVERSION = YES_AGGRESSIVE;
				CLANG_CXX_LANGUAGE_STANDARD = "gnu++20";
				CLANG_ENABLE_MODULES = YES;
				CLANG_ENABLE_OBJC_ARC = YES;
				CLANG_ENABLE_OBJC_WEAK = YES;
				CLANG_WARN_BLOCK_CAPTURE_AUTORELEASING = YES;
				CLANG_WARN_BOOL_CONVERSION = YES;
				CLANG_WARN_COMMA = YES;
				CLANG_WARN_CONSTANT_CONVERSION = YES;
				CLANG_WARN_DEPRECATED_OBJC_IMPLEMENTATIONS = YES;
				CLANG_WARN_DIRECT_OBJC_ISA_USAGE = YES_ERROR;
				CLANG_WARN_DOCUMENTATION_COMMENTS = YES;
				CLANG_WARN_EMPTY_BODY = YES;
				CLANG_WARN_ENUM_CONVERSION = YES;
				CLANG_WARN_INFINITE_RECURSION = YES;
				CLANG_WARN_INT_CONVERSION = YES;
				CLANG_WARN_NON_LITERAL_NULL_CONVERSION = YES;
				CLANG_WARN_OBJC_IMPLICIT_RETAIN_SELF = YES;
				CLANG_WARN_OBJC_LITERAL_CONVERSION = YES;
				CLANG_WARN_OBJC_ROOT_CLASS = YES_ERROR;
				CLANG_WARN_QUOTED_INCLUDE_IN_FRAMEWORK_HEADER = YES;
				CLANG_WARN_RANGE_LOOP_ANALYSIS = YES;
				CLANG_WARN_STRICT_PROTOTYPES = YES;
				CLANG_WARN_SUSPICIOUS_MOVE = YES;
				CLANG_WARN_UNGUARDED_AVAILABILITY = YES_AGGRESSIVE;
				CLANG_WARN_UNREACHABLE_CODE = YES;
				CLANG_WARN__DUPLICATE_METHOD_MATCH = YES;
				COPY_PHASE_STRIP = NO;
				DEBUG_INFORMATION_FORMAT = "dwarf-with-dsym";
				ENABLE_NS_ASSERTIONS = NO;
				ENABLE_STRICT_OBJC_MSGSEND = YES;
				ENABLE_USER_SCRIPT_SANDBOXING = YES;
				GCC_C_LANGUAGE_STANDARD = gnu17;
				GCC_NO_COMMON_BLOCKS = YES;
				GCC_WARN_64_TO_32_BIT_CONVERSION = YES;
				GCC_WARN_ABOUT_RETURN_TYPE = YES_ERROR;
				GCC_WARN_UNDECLARED_SELECTOR = YES;
				GCC_WARN_UNINITIALIZED_AUTOS = YES_AGGRESSIVE;
				GCC_WARN_UNUSED_FUNCTION = YES;
				GCC_WARN_UNUSED_VARIABLE = YES;
				IPHONEOS_DEPLOYMENT_TARGET = 16.0;
				LOCALIZATION_PREFERS_STRING_CATALOGS = YES;
				MTL_ENABLE_DEBUG_INFO = NO;
				MTL_FAST_MATH = YES;
				SDKROOT = iphoneos;
				SWIFT_COMPILATION_MODE = wholemodule;
				VALIDATE_PRODUCT = YES;
			};
			name = Release;
		};
		6DF63A342B9D4D24000BC120 /* Debug */ = {
			isa = XCBuildConfiguration;
			baseConfigurationReference = B94BA2A72273E2376B790333 /* Pods-ThePeopleThatYouCanTrustI.debug.xcconfig */;
			buildSettings = {
				ALWAYS_EMBED_SWIFT_STANDARD_LIBRARIES = YES;
				ASSETCATALOG_COMPILER_APPICON_NAME = AppIcon;
				ASSETCATALOG_COMPILER_GLOBAL_ACCENT_COLOR_NAME = AccentColor;
				CODE_SIGN_ENTITLEMENTS = ThePeopleThatYouCanTrustI/ThePeopleThatYouCanTrustI.entitlements;
				CODE_SIGN_STYLE = Automatic;
				CURRENT_PROJECT_VERSION = 1;
				DEVELOPMENT_ASSET_PATHS = "";
				DEVELOPMENT_TEAM = Y95747F67U;
				ENABLE_PREVIEWS = NO;
				GENERATE_INFOPLIST_FILE = YES;
				INFOPLIST_FILE = ThePeopleThatYouCanTrustI/Info.plist;
				INFOPLIST_KEY_LSApplicationCategoryType = "public.app-category.social-networking";
				INFOPLIST_KEY_UIApplicationSceneManifest_Generation = YES;
				INFOPLIST_KEY_UIApplicationSupportsIndirectInputEvents = YES;
				INFOPLIST_KEY_UILaunchScreen_Generation = YES;
				INFOPLIST_KEY_UISupportedInterfaceOrientations = UIInterfaceOrientationPortrait;
				INFOPLIST_KEY_UISupportedInterfaceOrientations_iPad = "UIInterfaceOrientationLandscapeLeft UIInterfaceOrientationLandscapeRight UIInterfaceOrientationPortrait UIInterfaceOrientationPortraitUpsideDown";
				IPHONEOS_DEPLOYMENT_TARGET = 16.0;
				LD_RUNPATH_SEARCH_PATHS = (
					"$(inherited)",
					"@executable_path/Frameworks",
				);
				MARKETING_VERSION = 1.3;
				MERGEABLE_LIBRARY = NO;
				PRODUCT_BUNDLE_IDENTIFIER = com.blue.panthers.ThePeopleThatYouCanTrustI;
				PRODUCT_NAME = "$(TARGET_NAME)";
				RESOURCES_TARGETED_DEVICE_FAMILY = "";
				SWIFT_EMIT_LOC_STRINGS = YES;
				SWIFT_VERSION = 5.0;
				TARGETED_DEVICE_FAMILY = 1;
			};
			name = Debug;
		};
		6DF63A352B9D4D24000BC120 /* Release */ = {
			isa = XCBuildConfiguration;
			baseConfigurationReference = CF8A79E7673137B53E5082B7 /* Pods-ThePeopleThatYouCanTrustI.release.xcconfig */;
			buildSettings = {
				ALWAYS_EMBED_SWIFT_STANDARD_LIBRARIES = YES;
				ASSETCATALOG_COMPILER_APPICON_NAME = AppIcon;
				ASSETCATALOG_COMPILER_GLOBAL_ACCENT_COLOR_NAME = AccentColor;
				CODE_SIGN_ENTITLEMENTS = ThePeopleThatYouCanTrustI/ThePeopleThatYouCanTrustI.entitlements;
				CODE_SIGN_STYLE = Automatic;
				CURRENT_PROJECT_VERSION = 1;
				DEVELOPMENT_ASSET_PATHS = "";
				DEVELOPMENT_TEAM = Y95747F67U;
				ENABLE_PREVIEWS = NO;
				GENERATE_INFOPLIST_FILE = YES;
				INFOPLIST_FILE = ThePeopleThatYouCanTrustI/Info.plist;
				INFOPLIST_KEY_LSApplicationCategoryType = "public.app-category.social-networking";
				INFOPLIST_KEY_UIApplicationSceneManifest_Generation = YES;
				INFOPLIST_KEY_UIApplicationSupportsIndirectInputEvents = YES;
				INFOPLIST_KEY_UILaunchScreen_Generation = YES;
				INFOPLIST_KEY_UISupportedInterfaceOrientations = UIInterfaceOrientationPortrait;
				INFOPLIST_KEY_UISupportedInterfaceOrientations_iPad = "UIInterfaceOrientationLandscapeLeft UIInterfaceOrientationLandscapeRight UIInterfaceOrientationPortrait UIInterfaceOrientationPortraitUpsideDown";
				IPHONEOS_DEPLOYMENT_TARGET = 16.0;
				LD_RUNPATH_SEARCH_PATHS = (
					"$(inherited)",
					"@executable_path/Frameworks",
				);
				MARKETING_VERSION = 1.3;
				MERGEABLE_LIBRARY = NO;
				PRODUCT_BUNDLE_IDENTIFIER = com.blue.panthers.ThePeopleThatYouCanTrustI;
				PRODUCT_NAME = "$(TARGET_NAME)";
				RESOURCES_TARGETED_DEVICE_FAMILY = "";
				SWIFT_EMIT_LOC_STRINGS = YES;
				SWIFT_VERSION = 5.0;
				TARGETED_DEVICE_FAMILY = 1;
			};
			name = Release;
		};
		6DF63A372B9D4D24000BC120 /* Debug */ = {
			isa = XCBuildConfiguration;
			baseConfigurationReference = 3765EEDC6C2F720B170C88B4 /* Pods-ThePeopleThatYouCanTrustITests.debug.xcconfig */;
			buildSettings = {
				ALWAYS_EMBED_SWIFT_STANDARD_LIBRARIES = YES;
				BUNDLE_LOADER = "$(TEST_HOST)";
				CODE_SIGN_STYLE = Automatic;
				CURRENT_PROJECT_VERSION = 1;
				DEVELOPMENT_TEAM = Y95747F67U;
				GENERATE_INFOPLIST_FILE = YES;
				IPHONEOS_DEPLOYMENT_TARGET = 17.0;
				MARKETING_VERSION = 1.0;
				PRODUCT_BUNDLE_IDENTIFIER = com.blue.panthers.ThePeopleThatYouCanTrustITests;
				PRODUCT_NAME = "$(TARGET_NAME)";
				SWIFT_EMIT_LOC_STRINGS = NO;
				SWIFT_VERSION = 5.0;
				TARGETED_DEVICE_FAMILY = "1,2";
				TEST_HOST = "$(BUILT_PRODUCTS_DIR)/ThePeopleThatYouCanTrustI.app/$(BUNDLE_EXECUTABLE_FOLDER_PATH)/ThePeopleThatYouCanTrustI";
			};
			name = Debug;
		};
		6DF63A382B9D4D24000BC120 /* Release */ = {
			isa = XCBuildConfiguration;
			baseConfigurationReference = 0C898E31DF10D650D0E930B4 /* Pods-ThePeopleThatYouCanTrustITests.release.xcconfig */;
			buildSettings = {
				ALWAYS_EMBED_SWIFT_STANDARD_LIBRARIES = YES;
				BUNDLE_LOADER = "$(TEST_HOST)";
				CODE_SIGN_STYLE = Automatic;
				CURRENT_PROJECT_VERSION = 1;
				DEVELOPMENT_TEAM = Y95747F67U;
				GENERATE_INFOPLIST_FILE = YES;
				IPHONEOS_DEPLOYMENT_TARGET = 17.0;
				MARKETING_VERSION = 1.0;
				PRODUCT_BUNDLE_IDENTIFIER = com.blue.panthers.ThePeopleThatYouCanTrustITests;
				PRODUCT_NAME = "$(TARGET_NAME)";
				SWIFT_EMIT_LOC_STRINGS = NO;
				SWIFT_VERSION = 5.0;
				TARGETED_DEVICE_FAMILY = "1,2";
				TEST_HOST = "$(BUILT_PRODUCTS_DIR)/ThePeopleThatYouCanTrustI.app/$(BUNDLE_EXECUTABLE_FOLDER_PATH)/ThePeopleThatYouCanTrustI";
			};
			name = Release;
		};
		6DF63A3A2B9D4D24000BC120 /* Debug */ = {
			isa = XCBuildConfiguration;
			baseConfigurationReference = 319B0BA38EF427F11C9A149E /* Pods-ThePeopleThatYouCanTrustIUITests.debug.xcconfig */;
			buildSettings = {
				ALWAYS_EMBED_SWIFT_STANDARD_LIBRARIES = YES;
				CODE_SIGN_STYLE = Automatic;
				CURRENT_PROJECT_VERSION = 1;
				DEVELOPMENT_TEAM = Y95747F67U;
				GENERATE_INFOPLIST_FILE = YES;
				MARKETING_VERSION = 1.0;
				PRODUCT_BUNDLE_IDENTIFIER = com.blue.panthers.ThePeopleThatYouCanTrustIUITests;
				PRODUCT_NAME = "$(TARGET_NAME)";
				SWIFT_EMIT_LOC_STRINGS = NO;
				SWIFT_VERSION = 5.0;
				TARGETED_DEVICE_FAMILY = "1,2";
				TEST_TARGET_NAME = ThePeopleThatYouCanTrustI;
			};
			name = Debug;
		};
		6DF63A3B2B9D4D24000BC120 /* Release */ = {
			isa = XCBuildConfiguration;
			baseConfigurationReference = 332020D30C6992C951E352E8 /* Pods-ThePeopleThatYouCanTrustIUITests.release.xcconfig */;
			buildSettings = {
				ALWAYS_EMBED_SWIFT_STANDARD_LIBRARIES = YES;
				CODE_SIGN_STYLE = Automatic;
				CURRENT_PROJECT_VERSION = 1;
				DEVELOPMENT_TEAM = Y95747F67U;
				GENERATE_INFOPLIST_FILE = YES;
				MARKETING_VERSION = 1.0;
				PRODUCT_BUNDLE_IDENTIFIER = com.blue.panthers.ThePeopleThatYouCanTrustIUITests;
				PRODUCT_NAME = "$(TARGET_NAME)";
				SWIFT_EMIT_LOC_STRINGS = NO;
				SWIFT_VERSION = 5.0;
				TARGETED_DEVICE_FAMILY = "1,2";
				TEST_TARGET_NAME = ThePeopleThatYouCanTrustI;
			};
			name = Release;
		};
/* End XCBuildConfiguration section */

/* Begin XCConfigurationList section */
		6DF63A0A2B9D4D22000BC120 /* Build configuration list for PBXProject "ThePeopleThatYouCanTrustI" */ = {
			isa = XCConfigurationList;
			buildConfigurations = (
				6DF63A312B9D4D24000BC120 /* Debug */,
				6DF63A322B9D4D24000BC120 /* Release */,
			);
			defaultConfigurationIsVisible = 0;
			defaultConfigurationName = Release;
		};
		6DF63A332B9D4D24000BC120 /* Build configuration list for PBXNativeTarget "ThePeopleThatYouCanTrustI" */ = {
			isa = XCConfigurationList;
			buildConfigurations = (
				6DF63A342B9D4D24000BC120 /* Debug */,
				6DF63A352B9D4D24000BC120 /* Release */,
			);
			defaultConfigurationIsVisible = 0;
			defaultConfigurationName = Release;
		};
		6DF63A362B9D4D24000BC120 /* Build configuration list for PBXNativeTarget "ThePeopleThatYouCanTrustITests" */ = {
			isa = XCConfigurationList;
			buildConfigurations = (
				6DF63A372B9D4D24000BC120 /* Debug */,
				6DF63A382B9D4D24000BC120 /* Release */,
			);
			defaultConfigurationIsVisible = 0;
			defaultConfigurationName = Release;
		};
		6DF63A392B9D4D24000BC120 /* Build configuration list for PBXNativeTarget "ThePeopleThatYouCanTrustIUITests" */ = {
			isa = XCConfigurationList;
			buildConfigurations = (
				6DF63A3A2B9D4D24000BC120 /* Debug */,
				6DF63A3B2B9D4D24000BC120 /* Release */,
			);
			defaultConfigurationIsVisible = 0;
			defaultConfigurationName = Release;
		};
/* End XCConfigurationList section */
	};
	rootObject = 6DF63A072B9D4D22000BC120 /* Project object */;
}
