{
  "originHash" : "9d514f78689aebbc7d632682de3b7d2f15dc43b006d47cb0650c98d174c8faed",
  "pins" : [
    {
      "identity" : "onesignal-ios-sdk",
      "kind" : "remoteSourceControl",
      "location" : "https://github.com/OneSignal/OneSignal-iOS-SDK",
      "state" : {
        "revision" : "d21c96dfc34dfffc94875adb965de25f62c99eb0",
        "version" : "5.5.0"
      }
    }
  ],
  "version" : 3
}
